
Microsoft Visual Studio Solution File, Format Version 12.00
# Visual Studio Version 16
VisualStudioVersion = 16.0.30104.148
MinimumVisualStudioVersion = 10.0.40219.1
Project("{FAE04EC0-301F-11D3-BF4B-00C04F79EFBC}") = "Distance.TextureModifier", "Distance.TextureModifier\Distance.TextureModifier.csproj", "{06A78A9A-7A66-431F-8023-36EAA5D0FBAF}"
	ProjectSection(ProjectDependencies) = postProject
		{F9FB724F-6555-4B6B-8D51-3140CA47D2FE} = {F9FB724F-6555-4B6B-8D51-3140CA47D2FE}
	EndProjectSection
EndProject
Project("{D954291E-2A0B-460D-934E-DC6B0785DB48}") = "Distance.TextureModifier.Content", "Distance.TextureModifier.Content\Distance.TextureModifier.Content.shproj", "{07D04EB9-6AB9-46CF-A3C3-A2E1D24FBEEF}"
EndProject
Project("{2150E333-8FDC-42A3-9474-1A3956D46DE8}") = "Distance.Assemblies", "Distance.Assemblies", "{83201AB6-55D6-472B-98F8-BA11061CC2EA}"
	ProjectSection(SolutionItems) = preProject
		Distance.Assemblies\AkSoundEngine.dll = Distance.Assemblies\AkSoundEngine.dll
		Distance.Assemblies\Assembly-CSharp-firstpass.dll = Distance.Assemblies\Assembly-CSharp-firstpass.dll
		Distance.Assemblies\Mono.Windows.Forms.dll = Distance.Assemblies\Mono.Windows.Forms.dll
	EndProjectSection
EndProject
Project("{2150E333-8FDC-42A3-9474-1A3956D46DE8}") = "Git", "Git", "{FBE54414-7B38-45CC-8C16-CAA856909722}"
	ProjectSection(SolutionItems) = preProject
		.gitattributes = .gitattributes
		.gitignore = .gitignore
	EndProjectSection
EndProject
Project("{FAE04EC0-301F-11D3-BF4B-00C04F79EFBC}") = "Tools.External", "Tools.External\Tools.External.csproj", "{7F70DC8B-8FAC-45E6-88A4-9A89217AA8B6}"
EndProject
Project("{FAE04EC0-301F-11D3-BF4B-00C04F79EFBC}") = "Distance.TrackMusic", "Distance.TrackMusic\Distance.TrackMusic.csproj", "{7282013C-A962-4903-B580-A54D99AAF034}"
	ProjectSection(ProjectDependencies) = postProject
		{F9FB724F-6555-4B6B-8D51-3140CA47D2FE} = {F9FB724F-6555-4B6B-8D51-3140CA47D2FE}
	EndProjectSection
EndProject
Project("{D954291E-2A0B-460D-934E-DC6B0785DB48}") = "Distance.TrackMusic.Content", "Distance.TrackMusic.Content\Distance.TrackMusic.Content.shproj", "{58BFEE58-73A0-4451-9DA7-0FB51F1C53EA}"
EndProject
Project("{FAE04EC0-301F-11D3-BF4B-00C04F79EFBC}") = "Distance.SceneDumper", "Distance.SceneDumper\Distance.SceneDumper.csproj", "{0E1F111D-3A74-43C6-804E-C3D316624C64}"
	ProjectSection(ProjectDependencies) = postProject
		{F9FB724F-6555-4B6B-8D51-3140CA47D2FE} = {F9FB724F-6555-4B6B-8D51-3140CA47D2FE}
	EndProjectSection
EndProject
Project("{D954291E-2A0B-460D-934E-DC6B0785DB48}") = "Distance.SceneDumper.Content", "Distance.SceneDumper.Content\Distance.SceneDumper.Content.shproj", "{E84718C2-200C-415F-AD1D-0CC133C38E70}"
EndProject
Project("{FAE04EC0-301F-11D3-BF4B-00C04F79EFBC}") = "Distance.CustomDeathMessages", "Distance.CustomDeathMessages\Distance.CustomDeathMessages.csproj", "{5AA5A388-EB90-4280-BB32-4496138DD00E}"
	ProjectSection(ProjectDependencies) = postProject
		{F9FB724F-6555-4B6B-8D51-3140CA47D2FE} = {F9FB724F-6555-4B6B-8D51-3140CA47D2FE}
	EndProjectSection
EndProject
Project("{D954291E-2A0B-460D-934E-DC6B0785DB48}") = "Distance.CustomDeathMessages.Content", "Distance.CustomDeathMessages.Content\Distance.CustomDeathMessages.Content.shproj", "{57657EBC-1F29-4357-B4EF-45B2B22F5A3F}"
EndProject
Project("{FAE04EC0-301F-11D3-BF4B-00C04F79EFBC}") = "Distance.NoServerLimit", "Distance.NoServerLimit\Distance.NoServerLimit.csproj", "{249F576D-6A84-46D7-BAC7-308810DDDF8B}"
	ProjectSection(ProjectDependencies) = postProject
		{F9FB724F-6555-4B6B-8D51-3140CA47D2FE} = {F9FB724F-6555-4B6B-8D51-3140CA47D2FE}
	EndProjectSection
EndProject
Project("{FAE04EC0-301F-11D3-BF4B-00C04F79EFBC}") = "Distance.CustomWheelHologram", "Distance.CustomWheelHologram\Distance.CustomWheelHologram.csproj", "{041CD13C-84A1-485A-B34F-F6E016C1FECF}"
	ProjectSection(ProjectDependencies) = postProject
		{F9FB724F-6555-4B6B-8D51-3140CA47D2FE} = {F9FB724F-6555-4B6B-8D51-3140CA47D2FE}
	EndProjectSection
EndProject
Project("{D954291E-2A0B-460D-934E-DC6B0785DB48}") = "Distance.CustomWheelHologram.Content", "Distance.CustomWheelHologram.Content\Distance.CustomWheelHologram.Content.shproj", "{A26D9216-DAEA-4876-A182-70DF4FF5997B}"
EndProject
Project("{FAE04EC0-301F-11D3-BF4B-00C04F79EFBC}") = "Distance.Anolytics", "Distance.Anolytics\Distance.Anolytics.csproj", "{0AD5BDA8-85AB-4163-BA40-CF49F769BADF}"
	ProjectSection(ProjectDependencies) = postProject
		{F9FB724F-6555-4B6B-8D51-3140CA47D2FE} = {F9FB724F-6555-4B6B-8D51-3140CA47D2FE}
	EndProjectSection
EndProject
Project("{D954291E-2A0B-460D-934E-DC6B0785DB48}") = "Distance.Anolytics.Content", "Distance.Anolytics.Content\Distance.Anolytics.Content.shproj", "{19F17209-4A5C-43E2-86DC-CCE76DBA5C23}"
EndProject
Project("{FAE04EC0-301F-11D3-BF4B-00C04F79EFBC}") = "Solution.Task.PostBuild", "Solution.Task.PostBuild\Solution.Task.PostBuild.csproj", "{5C830F16-0EC2-4A38-8C17-CFFB8E55C847}"
	ProjectSection(ProjectDependencies) = postProject
		{0E1F111D-3A74-43C6-804E-C3D316624C64} = {0E1F111D-3A74-43C6-804E-C3D316624C64}
		{C8FF4D2C-1255-4E90-A2CA-F5787B95E7C5} = {C8FF4D2C-1255-4E90-A2CA-F5787B95E7C5}
		{7282013C-A962-4903-B580-A54D99AAF034} = {7282013C-A962-4903-B580-A54D99AAF034}
		{041CD13C-84A1-485A-B34F-F6E016C1FECF} = {041CD13C-84A1-485A-B34F-F6E016C1FECF}
		{F9FB724F-6555-4B6B-8D51-3140CA47D2FE} = {F9FB724F-6555-4B6B-8D51-3140CA47D2FE}
		{249F576D-6A84-46D7-BAC7-308810DDDF8B} = {249F576D-6A84-46D7-BAC7-308810DDDF8B}
		{5AA5A388-EB90-4280-BB32-4496138DD00E} = {5AA5A388-EB90-4280-BB32-4496138DD00E}
		{83C8F38B-07E9-4A9B-8E5C-37981A28136E} = {83C8F38B-07E9-4A9B-8E5C-37981A28136E}
		{06A78A9A-7A66-431F-8023-36EAA5D0FBAF} = {06A78A9A-7A66-431F-8023-36EAA5D0FBAF}
		{0AD5BDA8-85AB-4163-BA40-CF49F769BADF} = {0AD5BDA8-85AB-4163-BA40-CF49F769BADF}
		{7FF8ABD9-D1F2-48EC-A249-B68457D27BC5} = {7FF8ABD9-D1F2-48EC-A249-B68457D27BC5}
		{502868DA-BA52-4E50-8163-F5AC29D75F7D} = {502868DA-BA52-4E50-8163-F5AC29D75F7D}
		{B21D17E3-F84D-491A-9609-9C6C004165DE} = {B21D17E3-F84D-491A-9609-9C6C004165DE}
	EndProjectSection
EndProject
Project("{FAE04EC0-301F-11D3-BF4B-00C04F79EFBC}") = "Distance.DecorativeLamp", "Distance.DecorativeLamp\Distance.DecorativeLamp.csproj", "{C8FF4D2C-1255-4E90-A2CA-F5787B95E7C5}"
	ProjectSection(ProjectDependencies) = postProject
		{F9FB724F-6555-4B6B-8D51-3140CA47D2FE} = {F9FB724F-6555-4B6B-8D51-3140CA47D2FE}
	EndProjectSection
EndProject
Project("{D954291E-2A0B-460D-934E-DC6B0785DB48}") = "Distance.DecorativeLamp.Content", "Distance.DecorativeLamp.Content\Distance.DecorativeLamp.Content.shproj", "{A7EE87A2-A395-4018-A8C0-B12B44005E52}"
EndProject
Project("{D954291E-2A0B-460D-934E-DC6B0785DB48}") = "Distance.NoServerLimit.Content", "Distance.NoServerLimit.Content\Distance.NoServerLimit.Content.shproj", "{02CD7385-B155-4974-843D-9D0DD6BBFBE5}"
EndProject
Project("{FAE04EC0-301F-11D3-BF4B-00C04F79EFBC}") = "Distance.EditorAdditions", "Distance.EditorAdditions\Distance.EditorAdditions.csproj", "{83C8F38B-07E9-4A9B-8E5C-37981A28136E}"
	ProjectSection(ProjectDependencies) = postProject
		{F9FB724F-6555-4B6B-8D51-3140CA47D2FE} = {F9FB724F-6555-4B6B-8D51-3140CA47D2FE}
	EndProjectSection
EndProject
Project("{D954291E-2A0B-460D-934E-DC6B0785DB48}") = "Distance.EditorAdditions.Content", "Distance.EditorAdditions.Content\Distance.EditorAdditions.Content.shproj", "{E2E4AC75-D500-4D5D-A706-613A3DF688E3}"
EndProject
Project("{FAE04EC0-301F-11D3-BF4B-00C04F79EFBC}") = "Distance.NitronicHUD", "Distance.NitronicHUD\Distance.NitronicHUD.csproj", "{7FF8ABD9-D1F2-48EC-A249-B68457D27BC5}"
	ProjectSection(ProjectDependencies) = postProject
		{F9FB724F-6555-4B6B-8D51-3140CA47D2FE} = {F9FB724F-6555-4B6B-8D51-3140CA47D2FE}
	EndProjectSection
EndProject
Project("{D954291E-2A0B-460D-934E-DC6B0785DB48}") = "Distance.NitronicHUD.Content", "Distance.NitronicHUD.Content\Distance.NitronicHUD.Content.shproj", "{1B79ABB1-9CAA-41F4-A88A-D84524E8F25A}"
EndProject
Project("{FAE04EC0-301F-11D3-BF4B-00C04F79EFBC}") = "Solution.Task.PreBuild", "Solution.Task.PreBuild\Solution.Task.PreBuild.csproj", "{F9FB724F-6555-4B6B-8D51-3140CA47D2FE}"
EndProject
Project("{D954291E-2A0B-460D-934E-DC6B0785DB48}") = "Distance.Heat.Content", "Distance.Heat.Content\Distance.Heat.Content.shproj", "{7F00B47C-1CB4-4D7D-96AB-3CFD23B03ACE}"
EndProject
Project("{FAE04EC0-301F-11D3-BF4B-00C04F79EFBC}") = "Distance.Heat", "Distance.Heat\Distance.Heat.csproj", "{B21D17E3-F84D-491A-9609-9C6C004165DE}"
	ProjectSection(ProjectDependencies) = postProject
		{F9FB724F-6555-4B6B-8D51-3140CA47D2FE} = {F9FB724F-6555-4B6B-8D51-3140CA47D2FE}
	EndProjectSection
EndProject
Project("{D954291E-2A0B-460D-934E-DC6B0785DB48}") = "Distance.CustomCar.Content", "Distance.CustomCar.Content\Distance.CustomCar.Content.shproj", "{B250CC3F-E2F1-40E6-8A89-5AD23D54C019}"
EndProject
Project("{FAE04EC0-301F-11D3-BF4B-00C04F79EFBC}") = "Distance.CustomCar", "Distance.CustomCar\Distance.CustomCar.csproj", "{502868DA-BA52-4E50-8163-F5AC29D75F7D}"
	ProjectSection(ProjectDependencies) = postProject
		{F9FB724F-6555-4B6B-8D51-3140CA47D2FE} = {F9FB724F-6555-4B6B-8D51-3140CA47D2FE}
	EndProjectSection
EndProject
Project("{FAE04EC0-301F-11D3-BF4B-00C04F79EFBC}") = "Distance.MenuUtilities", "Distance.MenuUtilities\Distance.MenuUtilities.csproj", "{E196A946-2ED4-4EC2-863B-77ED35E42D0F}"
EndProject
Project("{D954291E-2A0B-460D-934E-DC6B0785DB48}") = "Distance.MenuUtilities.Content", "Distance.MenuUtilities.Content\Distance.MenuUtilities.Content.shproj", "{878494B6-CD3F-4D65-82E1-C250887FE8BA}"
EndProject
Project("{2150E333-8FDC-42A3-9474-1A3956D46DE8}") = "Solution Items", "Solution Items", "{62BC4F1F-FA19-49AE-8496-3288DB2BE095}"
EndProject
Global
	GlobalSection(SharedMSBuildProjectFiles) = preSolution
		Distance.NoServerLimit.Content\Distance.NoServerLimit.Content.projitems*{02cd7385-b155-4974-843d-9d0dd6bbfbe5}*SharedItemsImports = 13
		Distance.TextureModifier.Content\Distance.TextureModifier.Content.projitems*{06a78a9a-7a66-431f-8023-36eaa5d0fbaf}*SharedItemsImports = 4
		Distance.TextureModifier.Content\Distance.TextureModifier.Content.projitems*{07d04eb9-6ab9-46cf-a3c3-a2e1d24fbeef}*SharedItemsImports = 13
		Distance.Anolytics.Content\Distance.Anolytics.Content.projitems*{19f17209-4a5c-43e2-86dc-cce76dba5c23}*SharedItemsImports = 13
		Distance.NitronicHUD.Content\Distance.NitronicHUD.Content.projitems*{1b79abb1-9caa-41f4-a88a-d84524e8f25a}*SharedItemsImports = 13
		Distance.CustomDeathMessages.Content\Distance.CustomDeathMessages.Content.projitems*{57657ebc-1f29-4357-b4ef-45b2b22f5a3f}*SharedItemsImports = 13
		Distance.TrackMusic.Content\Distance.TrackMusic.Content.projitems*{58bfee58-73a0-4451-9da7-0fb51f1c53ea}*SharedItemsImports = 13
		Distance.Heat.Content\Distance.Heat.Content.projitems*{7f00b47c-1cb4-4d7d-96ab-3cfd23b03ace}*SharedItemsImports = 13
		Distance.MenuUtilities.Content\Distance.MenuUtilities.Content.projitems*{878494b6-cd3f-4d65-82e1-c250887fe8ba}*SharedItemsImports = 13
		Distance.CustomWheelHologram.Content\Distance.CustomWheelHologram.Content.projitems*{a26d9216-daea-4876-a182-70df4ff5997b}*SharedItemsImports = 13
		Distance.DecorativeLamp.Content\Distance.DecorativeLamp.Content.projitems*{a7ee87a2-a395-4018-a8c0-b12b44005e52}*SharedItemsImports = 13
		Distance.CustomCar.Content\Distance.CustomCar.Content.projitems*{b250cc3f-e2f1-40e6-8a89-5ad23d54c019}*SharedItemsImports = 13
		Distance.EditorAdditions.Content\Distance.EditorAdditions.Content.projitems*{e2e4ac75-d500-4d5d-a706-613a3df688e3}*SharedItemsImports = 13
		Distance.SceneDumper.Content\Distance.SceneDumper.Content.projitems*{e84718c2-200c-415f-ad1d-0cc133c38e70}*SharedItemsImports = 13
	EndGlobalSection
	GlobalSection(SolutionConfigurationPlatforms) = preSolution
		Debug|Any CPU = Debug|Any CPU
		Release|Any CPU = Release|Any CPU
	EndGlobalSection
	GlobalSection(ProjectConfigurationPlatforms) = postSolution
		{06A78A9A-7A66-431F-8023-36EAA5D0FBAF}.Debug|Any CPU.ActiveCfg = Debug|Any CPU
		{06A78A9A-7A66-431F-8023-36EAA5D0FBAF}.Debug|Any CPU.Build.0 = Debug|Any CPU
		{06A78A9A-7A66-431F-8023-36EAA5D0FBAF}.Release|Any CPU.ActiveCfg = Release|Any CPU
		{06A78A9A-7A66-431F-8023-36EAA5D0FBAF}.Release|Any CPU.Build.0 = Release|Any CPU
		{7F70DC8B-8FAC-45E6-88A4-9A89217AA8B6}.Debug|Any CPU.ActiveCfg = Debug|Any CPU
		{7F70DC8B-8FAC-45E6-88A4-9A89217AA8B6}.Debug|Any CPU.Build.0 = Debug|Any CPU
		{7F70DC8B-8FAC-45E6-88A4-9A89217AA8B6}.Release|Any CPU.ActiveCfg = Release|Any CPU
		{7F70DC8B-8FAC-45E6-88A4-9A89217AA8B6}.Release|Any CPU.Build.0 = Release|Any CPU
		{7282013C-A962-4903-B580-A54D99AAF034}.Debug|Any CPU.ActiveCfg = Debug|Any CPU
		{7282013C-A962-4903-B580-A54D99AAF034}.Debug|Any CPU.Build.0 = Debug|Any CPU
		{7282013C-A962-4903-B580-A54D99AAF034}.Release|Any CPU.ActiveCfg = Release|Any CPU
		{7282013C-A962-4903-B580-A54D99AAF034}.Release|Any CPU.Build.0 = Release|Any CPU
		{0E1F111D-3A74-43C6-804E-C3D316624C64}.Debug|Any CPU.ActiveCfg = Debug|Any CPU
		{0E1F111D-3A74-43C6-804E-C3D316624C64}.Debug|Any CPU.Build.0 = Debug|Any CPU
		{0E1F111D-3A74-43C6-804E-C3D316624C64}.Release|Any CPU.ActiveCfg = Release|Any CPU
		{0E1F111D-3A74-43C6-804E-C3D316624C64}.Release|Any CPU.Build.0 = Release|Any CPU
		{5AA5A388-EB90-4280-BB32-4496138DD00E}.Debug|Any CPU.ActiveCfg = Debug|Any CPU
		{5AA5A388-EB90-4280-BB32-4496138DD00E}.Debug|Any CPU.Build.0 = Debug|Any CPU
		{5AA5A388-EB90-4280-BB32-4496138DD00E}.Release|Any CPU.ActiveCfg = Release|Any CPU
		{5AA5A388-EB90-4280-BB32-4496138DD00E}.Release|Any CPU.Build.0 = Release|Any CPU
		{249F576D-6A84-46D7-BAC7-308810DDDF8B}.Debug|Any CPU.ActiveCfg = Debug|Any CPU
		{249F576D-6A84-46D7-BAC7-308810DDDF8B}.Debug|Any CPU.Build.0 = Debug|Any CPU
		{249F576D-6A84-46D7-BAC7-308810DDDF8B}.Release|Any CPU.ActiveCfg = Release|Any CPU
		{249F576D-6A84-46D7-BAC7-308810DDDF8B}.Release|Any CPU.Build.0 = Release|Any CPU
		{041CD13C-84A1-485A-B34F-F6E016C1FECF}.Debug|Any CPU.ActiveCfg = Debug|Any CPU
		{041CD13C-84A1-485A-B34F-F6E016C1FECF}.Debug|Any CPU.Build.0 = Debug|Any CPU
		{041CD13C-84A1-485A-B34F-F6E016C1FECF}.Release|Any CPU.ActiveCfg = Release|Any CPU
		{041CD13C-84A1-485A-B34F-F6E016C1FECF}.Release|Any CPU.Build.0 = Release|Any CPU
		{0AD5BDA8-85AB-4163-BA40-CF49F769BADF}.Debug|Any CPU.ActiveCfg = Debug|Any CPU
		{0AD5BDA8-85AB-4163-BA40-CF49F769BADF}.Debug|Any CPU.Build.0 = Debug|Any CPU
		{0AD5BDA8-85AB-4163-BA40-CF49F769BADF}.Release|Any CPU.ActiveCfg = Release|Any CPU
		{0AD5BDA8-85AB-4163-BA40-CF49F769BADF}.Release|Any CPU.Build.0 = Release|Any CPU
		{5C830F16-0EC2-4A38-8C17-CFFB8E55C847}.Debug|Any CPU.ActiveCfg = Debug|Any CPU
		{5C830F16-0EC2-4A38-8C17-CFFB8E55C847}.Debug|Any CPU.Build.0 = Debug|Any CPU
		{5C830F16-0EC2-4A38-8C17-CFFB8E55C847}.Release|Any CPU.ActiveCfg = Release|Any CPU
		{5C830F16-0EC2-4A38-8C17-CFFB8E55C847}.Release|Any CPU.Build.0 = Release|Any CPU
		{C8FF4D2C-1255-4E90-A2CA-F5787B95E7C5}.Debug|Any CPU.ActiveCfg = Debug|Any CPU
		{C8FF4D2C-1255-4E90-A2CA-F5787B95E7C5}.Debug|Any CPU.Build.0 = Debug|Any CPU
		{C8FF4D2C-1255-4E90-A2CA-F5787B95E7C5}.Release|Any CPU.ActiveCfg = Release|Any CPU
		{C8FF4D2C-1255-4E90-A2CA-F5787B95E7C5}.Release|Any CPU.Build.0 = Release|Any CPU
		{83C8F38B-07E9-4A9B-8E5C-37981A28136E}.Debug|Any CPU.ActiveCfg = Debug|Any CPU
		{83C8F38B-07E9-4A9B-8E5C-37981A28136E}.Debug|Any CPU.Build.0 = Debug|Any CPU
		{83C8F38B-07E9-4A9B-8E5C-37981A28136E}.Release|Any CPU.ActiveCfg = Release|Any CPU
		{83C8F38B-07E9-4A9B-8E5C-37981A28136E}.Release|Any CPU.Build.0 = Release|Any CPU
		{7FF8ABD9-D1F2-48EC-A249-B68457D27BC5}.Debug|Any CPU.ActiveCfg = Debug|Any CPU
		{7FF8ABD9-D1F2-48EC-A249-B68457D27BC5}.Debug|Any CPU.Build.0 = Debug|Any CPU
		{7FF8ABD9-D1F2-48EC-A249-B68457D27BC5}.Release|Any CPU.ActiveCfg = Release|Any CPU
		{7FF8ABD9-D1F2-48EC-A249-B68457D27BC5}.Release|Any CPU.Build.0 = Release|Any CPU
		{F9FB724F-6555-4B6B-8D51-3140CA47D2FE}.Debug|Any CPU.ActiveCfg = Debug|Any CPU
		{F9FB724F-6555-4B6B-8D51-3140CA47D2FE}.Debug|Any CPU.Build.0 = Debug|Any CPU
		{F9FB724F-6555-4B6B-8D51-3140CA47D2FE}.Release|Any CPU.ActiveCfg = Release|Any CPU
		{F9FB724F-6555-4B6B-8D51-3140CA47D2FE}.Release|Any CPU.Build.0 = Release|Any CPU
		{B21D17E3-F84D-491A-9609-9C6C004165DE}.Debug|Any CPU.ActiveCfg = Debug|Any CPU
		{B21D17E3-F84D-491A-9609-9C6C004165DE}.Debug|Any CPU.Build.0 = Debug|Any CPU
		{B21D17E3-F84D-491A-9609-9C6C004165DE}.Release|Any CPU.ActiveCfg = Release|Any CPU
		{B21D17E3-F84D-491A-9609-9C6C004165DE}.Release|Any CPU.Build.0 = Release|Any CPU
		{502868DA-BA52-4E50-8163-F5AC29D75F7D}.Debug|Any CPU.ActiveCfg = Debug|Any CPU
		{502868DA-BA52-4E50-8163-F5AC29D75F7D}.Debug|Any CPU.Build.0 = Debug|Any CPU
		{502868DA-BA52-4E50-8163-F5AC29D75F7D}.Release|Any CPU.ActiveCfg = Release|Any CPU
		{502868DA-BA52-4E50-8163-F5AC29D75F7D}.Release|Any CPU.Build.0 = Release|Any CPU
		{E196A946-2ED4-4EC2-863B-77ED35E42D0F}.Debug|Any CPU.ActiveCfg = Debug|Any CPU
		{E196A946-2ED4-4EC2-863B-77ED35E42D0F}.Debug|Any CPU.Build.0 = Debug|Any CPU
		{E196A946-2ED4-4EC2-863B-77ED35E42D0F}.Release|Any CPU.ActiveCfg = Release|Any CPU
		{E196A946-2ED4-4EC2-863B-77ED35E42D0F}.Release|Any CPU.Build.0 = Release|Any CPU
	EndGlobalSection
	GlobalSection(SolutionProperties) = preSolution
		HideSolutionNode = FALSE
	EndGlobalSection
	GlobalSection(ExtensibilityGlobals) = postSolution
		SolutionGuid = {C475AB02-6F97-4575-9527-2F31F5AF847C}
	EndGlobalSection
EndGlobal
