
Microsoft Visual Studio Solution File, Format Version 12.00
# Visual Studio Version 16
VisualStudioVersion = 16.0.30104.148
MinimumVisualStudioVersion = 10.0.40219.1
Project("{FAE04EC0-301F-11D3-BF4B-00C04F79EFBC}") = "Distance.TextureModifier", "Distance.TextureModifier\Distance.TextureModifier.csproj", "{06A78A9A-7A66-431F-8023-36EAA5D0FBAF}"
EndProject
Project("{D954291E-2A0B-460D-934E-DC6B0785DB48}") = "Distance.TextureModifier.Content", "Distance.TextureModifier.Content\Distance.TextureModifier.Content.shproj", "{07D04EB9-6AB9-46CF-A3C3-A2E1D24FBEEF}"
EndProject
Project("{2150E333-8FDC-42A3-9474-1A3956D46DE8}") = "Distance.Assemblies", "Distance.Assemblies", "{83201AB6-55D6-472B-98F8-BA11061CC2EA}"
	ProjectSection(SolutionItems) = preProject
		Distance.Assemblies\Assembly-CSharp-firstpass.dll = Distance.Assemblies\Assembly-CSharp-firstpass.dll
		Distance.Assemblies\Assembly-CSharp.dev.dll = Distance.Assemblies\Assembly-CSharp.dev.dll
		Distance.Assemblies\UnityEngine.dll = Distance.Assemblies\UnityEngine.dll
		Distance.Assemblies\UnityEngine.UI.dll = Distance.Assemblies\UnityEngine.UI.dll
	EndProjectSection
EndProject
Project("{D954291E-2A0B-460D-934E-DC6B0785DB48}") = "Distance.Shared", "Distance.Shared\Distance.Shared.shproj", "{15B08B61-BEB4-40A6-8789-02B655A4B307}"
EndProject
Project("{2150E333-8FDC-42A3-9474-1A3956D46DE8}") = "Git", "Git", "{FBE54414-7B38-45CC-8C16-CAA856909722}"
	ProjectSection(SolutionItems) = preProject
		.gitattributes = .gitattributes
		.gitignore = .gitignore
	EndProjectSection
EndProject
Project("{FAE04EC0-301F-11D3-BF4B-00C04F79EFBC}") = "Distance.ExternalModdingTools", "Distance.ExternalModdingTools\Distance.ExternalModdingTools.csproj", "{7F70DC8B-8FAC-45E6-88A4-9A89217AA8B6}"
EndProject
Global
	GlobalSection(SharedMSBuildProjectFiles) = preSolution
		Distance.Shared\Distance.Shared.projitems*{06a78a9a-7a66-431f-8023-36eaa5d0fbaf}*SharedItemsImports = 4
		Distance.TextureModifier.Content\Distance.TextureModifier.Content.projitems*{06a78a9a-7a66-431f-8023-36eaa5d0fbaf}*SharedItemsImports = 4
		Distance.TextureModifier.Content\Distance.TextureModifier.Content.projitems*{07d04eb9-6ab9-46cf-a3c3-a2e1d24fbeef}*SharedItemsImports = 13
		Distance.Shared\Distance.Shared.projitems*{15b08b61-beb4-40a6-8789-02b655a4b307}*SharedItemsImports = 13
	EndGlobalSection
	GlobalSection(SolutionConfigurationPlatforms) = preSolution
		Debug|Any CPU = Debug|Any CPU
		Release|Any CPU = Release|Any CPU
	EndGlobalSection
	GlobalSection(ProjectConfigurationPlatforms) = postSolution
		{06A78A9A-7A66-431F-8023-36EAA5D0FBAF}.Debug|Any CPU.ActiveCfg = Debug|Any CPU
		{06A78A9A-7A66-431F-8023-36EAA5D0FBAF}.Debug|Any CPU.Build.0 = Debug|Any CPU
		{06A78A9A-7A66-431F-8023-36EAA5D0FBAF}.Release|Any CPU.ActiveCfg = Release|Any CPU
		{06A78A9A-7A66-431F-8023-36EAA5D0FBAF}.Release|Any CPU.Build.0 = Release|Any CPU
		{7F70DC8B-8FAC-45E6-88A4-9A89217AA8B6}.Debug|Any CPU.ActiveCfg = Debug|Any CPU
		{7F70DC8B-8FAC-45E6-88A4-9A89217AA8B6}.Debug|Any CPU.Build.0 = Debug|Any CPU
		{7F70DC8B-8FAC-45E6-88A4-9A89217AA8B6}.Release|Any CPU.ActiveCfg = Release|Any CPU
		{7F70DC8B-8FAC-45E6-88A4-9A89217AA8B6}.Release|Any CPU.Build.0 = Release|Any CPU
	EndGlobalSection
	GlobalSection(SolutionProperties) = preSolution
		HideSolutionNode = FALSE
	EndGlobalSection
	GlobalSection(ExtensibilityGlobals) = postSolution
		SolutionGuid = {C475AB02-6F97-4575-9527-2F31F5AF847C}
	EndGlobalSection
EndGlobal
