
Microsoft Visual Studio Solution File, Format Version 12.00
# Visual Studio Version 16
VisualStudioVersion = 16.0.30104.148
MinimumVisualStudioVersion = 10.0.40219.1
Project("{FAE04EC0-301F-11D3-BF4B-00C04F79EFBC}") = "Distance.TextureModifier", "Distance.TextureModifier\Distance.TextureModifier.csproj", "{06A78A9A-7A66-431F-8023-36EAA5D0FBAF}"
	ProjectSection(ProjectDependencies) = postProject
		{F9FB724F-6555-4B6B-8D51-3140CA47D2FE} = {F9FB724F-6555-4B6B-8D51-3140CA47D2FE}
	EndProjectSection
EndProject
Project("{D954291E-2A0B-460D-934E-DC6B0785DB48}") = "Distance.TextureModifier.Content", "Distance.TextureModifier.Content\Distance.TextureModifier.Content.shproj", "{07D04EB9-6AB9-46CF-A3C3-A2E1D24FBEEF}"
EndProject
Project("{2150E333-8FDC-42A3-9474-1A3956D46DE8}") = "Referenced Assemblies", "Referenced Assemblies", "{83201AB6-55D6-472B-98F8-BA11061CC2EA}"
	ProjectSection(SolutionItems) = preProject
		Distance.Assemblies\AkSoundEngine.dll = Distance.Assemblies\AkSoundEngine.dll
		Distance.Assemblies\Assembly-CSharp-firstpass.dll = Distance.Assemblies\Assembly-CSharp-firstpass.dll
		Distance.Assemblies\Mono.Windows.Forms.dll = Distance.Assemblies\Mono.Windows.Forms.dll
	EndProjectSection
EndProject
Project("{2150E333-8FDC-42A3-9474-1A3956D46DE8}") = "Git", "Git", "{FBE54414-7B38-45CC-8C16-CAA856909722}"
	ProjectSection(SolutionItems) = preProject
		.editorconfig = .editorconfig
		.gitattributes = .gitattributes
		.gitignore = .gitignore
		.gitmodules = .gitmodules
	EndProjectSection
EndProject
Project("{FAE04EC0-301F-11D3-BF4B-00C04F79EFBC}") = "Tools.External", "Tools.External\Tools.External.csproj", "{7F70DC8B-8FAC-45E6-88A4-9A89217AA8B6}"
EndProject
Project("{FAE04EC0-301F-11D3-BF4B-00C04F79EFBC}") = "Distance.TrackMusic", "Distance.TrackMusic\Distance.TrackMusic.csproj", "{7282013C-A962-4903-B580-A54D99AAF034}"
	ProjectSection(ProjectDependencies) = postProject
		{F9FB724F-6555-4B6B-8D51-3140CA47D2FE} = {F9FB724F-6555-4B6B-8D51-3140CA47D2FE}
	EndProjectSection
EndProject
Project("{D954291E-2A0B-460D-934E-DC6B0785DB48}") = "Distance.TrackMusic.Content", "Distance.TrackMusic.Content\Distance.TrackMusic.Content.shproj", "{58BFEE58-73A0-4451-9DA7-0FB51F1C53EA}"
EndProject
Project("{FAE04EC0-301F-11D3-BF4B-00C04F79EFBC}") = "Distance.SceneDumper", "Distance.SceneDumper\Distance.SceneDumper.csproj", "{0E1F111D-3A74-43C6-804E-C3D316624C64}"
	ProjectSection(ProjectDependencies) = postProject
		{F9FB724F-6555-4B6B-8D51-3140CA47D2FE} = {F9FB724F-6555-4B6B-8D51-3140CA47D2FE}
	EndProjectSection
EndProject
Project("{D954291E-2A0B-460D-934E-DC6B0785DB48}") = "Distance.SceneDumper.Content", "Distance.SceneDumper.Content\Distance.SceneDumper.Content.shproj", "{E84718C2-200C-415F-AD1D-0CC133C38E70}"
EndProject
Project("{FAE04EC0-301F-11D3-BF4B-00C04F79EFBC}") = "Distance.CustomDeathMessages", "Distance.CustomDeathMessages\Distance.CustomDeathMessages.csproj", "{5AA5A388-EB90-4280-BB32-4496138DD00E}"
	ProjectSection(ProjectDependencies) = postProject
		{F9FB724F-6555-4B6B-8D51-3140CA47D2FE} = {F9FB724F-6555-4B6B-8D51-3140CA47D2FE}
	EndProjectSection
EndProject
Project("{D954291E-2A0B-460D-934E-DC6B0785DB48}") = "Distance.CustomDeathMessages.Content", "Distance.CustomDeathMessages.Content\Distance.CustomDeathMessages.Content.shproj", "{57657EBC-1F29-4357-B4EF-45B2B22F5A3F}"
EndProject
Project("{FAE04EC0-301F-11D3-BF4B-00C04F79EFBC}") = "Distance.NoServerLimit", "Distance.NoServerLimit\Distance.NoServerLimit.csproj", "{249F576D-6A84-46D7-BAC7-308810DDDF8B}"
	ProjectSection(ProjectDependencies) = postProject
		{F9FB724F-6555-4B6B-8D51-3140CA47D2FE} = {F9FB724F-6555-4B6B-8D51-3140CA47D2FE}
	EndProjectSection
EndProject
Project("{FAE04EC0-301F-11D3-BF4B-00C04F79EFBC}") = "Distance.CustomWheelHologram", "Distance.CustomWheelHologram\Distance.CustomWheelHologram.csproj", "{041CD13C-84A1-485A-B34F-F6E016C1FECF}"
	ProjectSection(ProjectDependencies) = postProject
		{F9FB724F-6555-4B6B-8D51-3140CA47D2FE} = {F9FB724F-6555-4B6B-8D51-3140CA47D2FE}
	EndProjectSection
EndProject
Project("{D954291E-2A0B-460D-934E-DC6B0785DB48}") = "Distance.CustomWheelHologram.Content", "Distance.CustomWheelHologram.Content\Distance.CustomWheelHologram.Content.shproj", "{A26D9216-DAEA-4876-A182-70DF4FF5997B}"
EndProject
Project("{FAE04EC0-301F-11D3-BF4B-00C04F79EFBC}") = "Distance.Anolytics", "Distance.Anolytics\Distance.Anolytics.csproj", "{0AD5BDA8-85AB-4163-BA40-CF49F769BADF}"
	ProjectSection(ProjectDependencies) = postProject
		{F9FB724F-6555-4B6B-8D51-3140CA47D2FE} = {F9FB724F-6555-4B6B-8D51-3140CA47D2FE}
	EndProjectSection
EndProject
Project("{D954291E-2A0B-460D-934E-DC6B0785DB48}") = "Distance.Anolytics.Content", "Distance.Anolytics.Content\Distance.Anolytics.Content.shproj", "{19F17209-4A5C-43E2-86DC-CCE76DBA5C23}"
EndProject
Project("{FAE04EC0-301F-11D3-BF4B-00C04F79EFBC}") = "Solution.Task.PostBuild", "Solution.Task.PostBuild\Solution.Task.PostBuild.csproj", "{5C830F16-0EC2-4A38-8C17-CFFB8E55C847}"
	ProjectSection(ProjectDependencies) = postProject
		{65CAC900-69F3-4A16-9079-5CF1213CEB44} = {65CAC900-69F3-4A16-9079-5CF1213CEB44}
		{98584710-E489-4CA3-A228-CA0DB7AF4C1E} = {98584710-E489-4CA3-A228-CA0DB7AF4C1E}
		{0E1F111D-3A74-43C6-804E-C3D316624C64} = {0E1F111D-3A74-43C6-804E-C3D316624C64}
		{C8FF4D2C-1255-4E90-A2CA-F5787B95E7C5} = {C8FF4D2C-1255-4E90-A2CA-F5787B95E7C5}
		{7282013C-A962-4903-B580-A54D99AAF034} = {7282013C-A962-4903-B580-A54D99AAF034}
		{041CD13C-84A1-485A-B34F-F6E016C1FECF} = {041CD13C-84A1-485A-B34F-F6E016C1FECF}
		{C0573B40-FE3F-4E65-BB05-CC143A10A700} = {C0573B40-FE3F-4E65-BB05-CC143A10A700}
		{E196A946-2ED4-4EC2-863B-77ED35E42D0F} = {E196A946-2ED4-4EC2-863B-77ED35E42D0F}
		{F9FB724F-6555-4B6B-8D51-3140CA47D2FE} = {F9FB724F-6555-4B6B-8D51-3140CA47D2FE}
		{249F576D-6A84-46D7-BAC7-308810DDDF8B} = {249F576D-6A84-46D7-BAC7-308810DDDF8B}
		{D008E276-12E7-40CB-911F-3F395582317A} = {D008E276-12E7-40CB-911F-3F395582317A}
		{B3F55581-78BD-4BA4-BB36-D80F3716DBE4} = {B3F55581-78BD-4BA4-BB36-D80F3716DBE4}
		{5AA5A388-EB90-4280-BB32-4496138DD00E} = {5AA5A388-EB90-4280-BB32-4496138DD00E}
		{5C9E788B-C9B8-462D-A561-431EBA706C0F} = {5C9E788B-C9B8-462D-A561-431EBA706C0F}
		{83C8F38B-07E9-4A9B-8E5C-37981A28136E} = {83C8F38B-07E9-4A9B-8E5C-37981A28136E}
		{004F8E95-36D7-400D-873F-60288E533802} = {004F8E95-36D7-400D-873F-60288E533802}
		{06A78A9A-7A66-431F-8023-36EAA5D0FBAF} = {06A78A9A-7A66-431F-8023-36EAA5D0FBAF}
		{AEE4B99D-C164-4495-AEE2-94CE4DBAAFDD} = {AEE4B99D-C164-4495-AEE2-94CE4DBAAFDD}
		{0AD5BDA8-85AB-4163-BA40-CF49F769BADF} = {0AD5BDA8-85AB-4163-BA40-CF49F769BADF}
		{476DB7CE-46C9-4612-AFB6-BBFE24D0D283} = {476DB7CE-46C9-4612-AFB6-BBFE24D0D283}
		{B646CFD4-AE3A-4796-B18F-8D6A27CBBE53} = {B646CFD4-AE3A-4796-B18F-8D6A27CBBE53}
		{7FF8ABD9-D1F2-48EC-A249-B68457D27BC5} = {7FF8ABD9-D1F2-48EC-A249-B68457D27BC5}
		{502868DA-BA52-4E50-8163-F5AC29D75F7D} = {502868DA-BA52-4E50-8163-F5AC29D75F7D}
		{B21D17E3-F84D-491A-9609-9C6C004165DE} = {B21D17E3-F84D-491A-9609-9C6C004165DE}
		{6A3017EA-51DD-41DA-A0AF-8A9C0A7D40AC} = {6A3017EA-51DD-41DA-A0AF-8A9C0A7D40AC}
		{23FB61FF-77B2-4088-9F17-3DB7A93D5ABC} = {23FB61FF-77B2-4088-9F17-3DB7A93D5ABC}
	EndProjectSection
EndProject
Project("{FAE04EC0-301F-11D3-BF4B-00C04F79EFBC}") = "Distance.DecorativeLamp", "Distance.DecorativeLamp\Distance.DecorativeLamp.csproj", "{C8FF4D2C-1255-4E90-A2CA-F5787B95E7C5}"
	ProjectSection(ProjectDependencies) = postProject
		{F9FB724F-6555-4B6B-8D51-3140CA47D2FE} = {F9FB724F-6555-4B6B-8D51-3140CA47D2FE}
	EndProjectSection
EndProject
Project("{D954291E-2A0B-460D-934E-DC6B0785DB48}") = "Distance.DecorativeLamp.Content", "Distance.DecorativeLamp.Content\Distance.DecorativeLamp.Content.shproj", "{A7EE87A2-A395-4018-A8C0-B12B44005E52}"
EndProject
Project("{D954291E-2A0B-460D-934E-DC6B0785DB48}") = "Distance.NoServerLimit.Content", "Distance.NoServerLimit.Content\Distance.NoServerLimit.Content.shproj", "{02CD7385-B155-4974-843D-9D0DD6BBFBE5}"
EndProject
Project("{FAE04EC0-301F-11D3-BF4B-00C04F79EFBC}") = "Distance.EditorAdditions", "Distance.EditorAdditions\Distance.EditorAdditions.csproj", "{83C8F38B-07E9-4A9B-8E5C-37981A28136E}"
	ProjectSection(ProjectDependencies) = postProject
		{F9FB724F-6555-4B6B-8D51-3140CA47D2FE} = {F9FB724F-6555-4B6B-8D51-3140CA47D2FE}
	EndProjectSection
EndProject
Project("{D954291E-2A0B-460D-934E-DC6B0785DB48}") = "Distance.EditorAdditions.Content", "Distance.EditorAdditions.Content\Distance.EditorAdditions.Content.shproj", "{E2E4AC75-D500-4D5D-A706-613A3DF688E3}"
EndProject
Project("{FAE04EC0-301F-11D3-BF4B-00C04F79EFBC}") = "Distance.NitronicHUD", "Distance.NitronicHUD\Distance.NitronicHUD.csproj", "{7FF8ABD9-D1F2-48EC-A249-B68457D27BC5}"
	ProjectSection(ProjectDependencies) = postProject
		{F9FB724F-6555-4B6B-8D51-3140CA47D2FE} = {F9FB724F-6555-4B6B-8D51-3140CA47D2FE}
	EndProjectSection
EndProject
Project("{D954291E-2A0B-460D-934E-DC6B0785DB48}") = "Distance.NitronicHUD.Content", "Distance.NitronicHUD.Content\Distance.NitronicHUD.Content.shproj", "{1B79ABB1-9CAA-41F4-A88A-D84524E8F25A}"
EndProject
Project("{FAE04EC0-301F-11D3-BF4B-00C04F79EFBC}") = "Solution.Task.PreBuild", "Solution.Task.PreBuild\Solution.Task.PreBuild.csproj", "{F9FB724F-6555-4B6B-8D51-3140CA47D2FE}"
EndProject
Project("{D954291E-2A0B-460D-934E-DC6B0785DB48}") = "Distance.Heat.Content", "Distance.Heat.Content\Distance.Heat.Content.shproj", "{7F00B47C-1CB4-4D7D-96AB-3CFD23B03ACE}"
EndProject
Project("{FAE04EC0-301F-11D3-BF4B-00C04F79EFBC}") = "Distance.Heat", "Distance.Heat\Distance.Heat.csproj", "{B21D17E3-F84D-491A-9609-9C6C004165DE}"
	ProjectSection(ProjectDependencies) = postProject
		{F9FB724F-6555-4B6B-8D51-3140CA47D2FE} = {F9FB724F-6555-4B6B-8D51-3140CA47D2FE}
	EndProjectSection
EndProject
Project("{D954291E-2A0B-460D-934E-DC6B0785DB48}") = "Distance.CustomCar.Content", "Distance.CustomCar.Content\Distance.CustomCar.Content.shproj", "{B250CC3F-E2F1-40E6-8A89-5AD23D54C019}"
EndProject
Project("{FAE04EC0-301F-11D3-BF4B-00C04F79EFBC}") = "Distance.CustomCar", "Distance.CustomCar\Distance.CustomCar.csproj", "{502868DA-BA52-4E50-8163-F5AC29D75F7D}"
	ProjectSection(ProjectDependencies) = postProject
		{F9FB724F-6555-4B6B-8D51-3140CA47D2FE} = {F9FB724F-6555-4B6B-8D51-3140CA47D2FE}
	EndProjectSection
EndProject
Project("{FAE04EC0-301F-11D3-BF4B-00C04F79EFBC}") = "Distance.MenuUtilities", "Distance.MenuUtilities\Distance.MenuUtilities.csproj", "{E196A946-2ED4-4EC2-863B-77ED35E42D0F}"
	ProjectSection(ProjectDependencies) = postProject
		{F9FB724F-6555-4B6B-8D51-3140CA47D2FE} = {F9FB724F-6555-4B6B-8D51-3140CA47D2FE}
	EndProjectSection
EndProject
Project("{D954291E-2A0B-460D-934E-DC6B0785DB48}") = "Distance.MenuUtilities.Content", "Distance.MenuUtilities.Content\Distance.MenuUtilities.Content.shproj", "{878494B6-CD3F-4D65-82E1-C250887FE8BA}"
EndProject
Project("{2150E333-8FDC-42A3-9474-1A3956D46DE8}") = "Solution Items", "Solution Items", "{62BC4F1F-FA19-49AE-8496-3288DB2BE095}"
	ProjectSection(SolutionItems) = preProject
		build.cmd = build.cmd
		publish.cmd = publish.cmd
	EndProjectSection
EndProject
Project("{FAE04EC0-301F-11D3-BF4B-00C04F79EFBC}") = "Distance.NoEditorNumberLimits", "Distance.NoEditorNumberLimits\Distance.NoEditorNumberLimits.csproj", "{5C9E788B-C9B8-462D-A561-431EBA706C0F}"
EndProject
Project("{D954291E-2A0B-460D-934E-DC6B0785DB48}") = "Distance.NoEditorNumberLimits.Content", "Distance.NoEditorNumberLimits.Content\Distance.NoEditorNumberLimits.Content.shproj", "{12B05BFD-73CA-4B5C-A258-EF142C21066A}"
EndProject
Project("{FAE04EC0-301F-11D3-BF4B-00C04F79EFBC}") = "Distance.HalloweenSeasonalFeatures", "Distance.HalloweenSeasonalFeatures\Distance.HalloweenSeasonalFeatures.csproj", "{476DB7CE-46C9-4612-AFB6-BBFE24D0D283}"
	ProjectSection(ProjectDependencies) = postProject
		{F9FB724F-6555-4B6B-8D51-3140CA47D2FE} = {F9FB724F-6555-4B6B-8D51-3140CA47D2FE}
	EndProjectSection
EndProject
Project("{D954291E-2A0B-460D-934E-DC6B0785DB48}") = "Distance.HalloweenSeasonalFeatures.Content", "Distance.HalloweenSeasonalFeatures.Content\Distance.HalloweenSeasonalFeatures.Content.shproj", "{0B6C17AD-B346-42AC-96CE-760EA993C5F0}"
EndProject
Project("{FAE04EC0-301F-11D3-BF4B-00C04F79EFBC}") = "Distance.ChristmasSeasonalFeatures", "Distance.ChristmasSeasonalFeatures\Distance.ChristmasSeasonalFeatures.csproj", "{6A3017EA-51DD-41DA-A0AF-8A9C0A7D40AC}"
	ProjectSection(ProjectDependencies) = postProject
		{F9FB724F-6555-4B6B-8D51-3140CA47D2FE} = {F9FB724F-6555-4B6B-8D51-3140CA47D2FE}
	EndProjectSection
EndProject
Project("{D954291E-2A0B-460D-934E-DC6B0785DB48}") = "Distance.ChristmasSeasonalFeatures.Content", "Distance.ChristmasSeasonalFeatures.Content\Distance.ChristmasSeasonalFeatures.Content.shproj", "{CCCA412E-616C-49D3-80A6-A0111B879118}"
EndProject
Project("{2150E333-8FDC-42A3-9474-1A3956D46DE8}") = "Game Modifications", "Game Modifications", "{0FC121F4-6F94-4C7D-A2B5-D92AC9CC91A6}"
EndProject
Project("{2150E333-8FDC-42A3-9474-1A3956D46DE8}") = "Solution Tasks", "Solution Tasks", "{EA2993F1-0B88-4CF0-9672-9693917673DC}"
EndProject
Project("{2150E333-8FDC-42A3-9474-1A3956D46DE8}") = "Applications", "Applications", "{1AB34F43-0922-4552-8750-6A29B046EB72}"
EndProject
Project("{2150E333-8FDC-42A3-9474-1A3956D46DE8}") = "Anolytics", "Anolytics", "{E2A79B1C-F407-4B1D-8D8E-80BC5F58BBE2}"
EndProject
Project("{2150E333-8FDC-42A3-9474-1A3956D46DE8}") = "CustomCar", "CustomCar", "{FA4FFD38-DB26-40E4-A24D-8DF6B24B6193}"
EndProject
Project("{2150E333-8FDC-42A3-9474-1A3956D46DE8}") = "ChristmasSeasonalFeatures", "ChristmasSeasonalFeatures", "{53EA95AC-47D0-4ABB-A13B-FD4AAE42B1C7}"
EndProject
Project("{2150E333-8FDC-42A3-9474-1A3956D46DE8}") = "CustomDeathMessages", "CustomDeathMessages", "{D2034ED6-4AE1-4EA9-9BAD-C8A3A8EC5749}"
EndProject
Project("{2150E333-8FDC-42A3-9474-1A3956D46DE8}") = "EditorAdditions", "EditorAdditions", "{C57E7170-5555-42CF-91FE-23719623964D}"
EndProject
Project("{2150E333-8FDC-42A3-9474-1A3956D46DE8}") = "Heat", "Heat", "{391DA4A9-9F52-432A-8D0B-34C48049C9CA}"
EndProject
Project("{2150E333-8FDC-42A3-9474-1A3956D46DE8}") = "NitronicHUD", "NitronicHUD", "{81EB8833-EF5A-483B-9D2B-250A3F3E6F4D}"
EndProject
Project("{2150E333-8FDC-42A3-9474-1A3956D46DE8}") = "TrackMusic", "TrackMusic", "{3719A10A-0CFA-4AFE-A3C4-FD6A511848F5}"
EndProject
Project("{2150E333-8FDC-42A3-9474-1A3956D46DE8}") = "SceneDumper", "SceneDumper", "{F8F24696-1DD7-447E-AFD7-A531A8A0AB0B}"
EndProject
Project("{2150E333-8FDC-42A3-9474-1A3956D46DE8}") = "MenuUtilities", "MenuUtilities", "{42067B8A-7951-47D4-96A4-717781E168E0}"
EndProject
Project("{2150E333-8FDC-42A3-9474-1A3956D46DE8}") = "DecorativeLamp", "DecorativeLamp", "{8496824E-305D-46EF-A159-A86F87004A8E}"
EndProject
Project("{2150E333-8FDC-42A3-9474-1A3956D46DE8}") = "CustomWheelHologram", "CustomWheelHologram", "{FE55D92A-A33A-4D20-8857-2AAE1CC6C8BF}"
EndProject
Project("{2150E333-8FDC-42A3-9474-1A3956D46DE8}") = "TextureModifier", "TextureModifier", "{5A6698A6-DFCB-42E1-B1DE-D2BBA7B05893}"
EndProject
Project("{2150E333-8FDC-42A3-9474-1A3956D46DE8}") = "NoServerLimit", "NoServerLimit", "{3178807C-182F-4B30-BBC4-81ACBC7F2614}"
EndProject
Project("{2150E333-8FDC-42A3-9474-1A3956D46DE8}") = "NoEditorNumberLimits", "NoEditorNumberLimits", "{F3EFE8B2-34DD-42E8-9E47-DF890B907F7C}"
EndProject
Project("{2150E333-8FDC-42A3-9474-1A3956D46DE8}") = "HalloweenSeasonalFeatures", "HalloweenSeasonalFeatures", "{DEE23727-8E8E-4BCA-92AD-6892E6D6A1BB}"
EndProject
Project("{D954291E-2A0B-460D-934E-DC6B0785DB48}") = "Repository.Metadata", "Repository.Metadata\Repository.Metadata.shproj", "{AF094E78-872D-4473-9C5F-063C6640F94E}"
EndProject
Project("{2150E333-8FDC-42A3-9474-1A3956D46DE8}") = "CustomDeathMessages", "CustomDeathMessages", "{BBB0D871-A85D-41AA-A40D-5964A0FAAFBC}"
EndProject
Project("{9A19103F-16F7-4668-BE54-9A1E7A4F7556}") = "App.CustomDeathMessages.Core", "App.CustomDeathMessages.Core\App.CustomDeathMessages.Core.csproj", "{23FB61FF-77B2-4088-9F17-3DB7A93D5ABC}"
	ProjectSection(ProjectDependencies) = postProject
		{F9FB724F-6555-4B6B-8D51-3140CA47D2FE} = {F9FB724F-6555-4B6B-8D51-3140CA47D2FE}
	EndProjectSection
EndProject
Project("{9A19103F-16F7-4668-BE54-9A1E7A4F7556}") = "App.CustomDeathMessages.Windows", "App.CustomDeathMessages.Windows\App.CustomDeathMessages.Windows.csproj", "{98584710-E489-4CA3-A228-CA0DB7AF4C1E}"
	ProjectSection(ProjectDependencies) = postProject
		{F9FB724F-6555-4B6B-8D51-3140CA47D2FE} = {F9FB724F-6555-4B6B-8D51-3140CA47D2FE}
	EndProjectSection
EndProject
Project("{9A19103F-16F7-4668-BE54-9A1E7A4F7556}") = "App.CustomDeathMessages.Linux", "App.CustomDeathMessages.Linux\App.CustomDeathMessages.Linux.csproj", "{B646CFD4-AE3A-4796-B18F-8D6A27CBBE53}"
	ProjectSection(ProjectDependencies) = postProject
		{F9FB724F-6555-4B6B-8D51-3140CA47D2FE} = {F9FB724F-6555-4B6B-8D51-3140CA47D2FE}
	EndProjectSection
EndProject
Project("{D954291E-2A0B-460D-934E-DC6B0785DB48}") = "App.SharedResources", "App.SharedResources\App.SharedResources.shproj", "{5A8F08F8-DEE7-412A-95A8-3DC81F72F50E}"
EndProject
Project("{2150E333-8FDC-42A3-9474-1A3956D46DE8}") = "Shared Code", "Shared Code", "{E48EFDD5-0C0F-461E-A411-6EB459050E7E}"
EndProject
Project("{2150E333-8FDC-42A3-9474-1A3956D46DE8}") = "AdventureMaker", "AdventureMaker", "{B9198DEA-AD30-4B4D-A630-85F667A9A258}"
EndProject
Project("{2150E333-8FDC-42A3-9474-1A3956D46DE8}") = "AdventureMaker", "AdventureMaker", "{DB43370E-FA3B-42BE-BF0C-7FE1544A7CDD}"
EndProject
Project("{FAE04EC0-301F-11D3-BF4B-00C04F79EFBC}") = "Distance.AdventureMaker", "Distance.AdventureMaker\Distance.AdventureMaker.csproj", "{B3F55581-78BD-4BA4-BB36-D80F3716DBE4}"
	ProjectSection(ProjectDependencies) = postProject
		{F9FB724F-6555-4B6B-8D51-3140CA47D2FE} = {F9FB724F-6555-4B6B-8D51-3140CA47D2FE}
	EndProjectSection
EndProject
Project("{D954291E-2A0B-460D-934E-DC6B0785DB48}") = "Distance.AdventureMaker.Content", "Distance.AdventureMaker.Content\Distance.AdventureMaker.Content.shproj", "{B6ECA462-EA0B-4BD3-8419-2A59F1DB34ED}"
EndProject
Project("{9A19103F-16F7-4668-BE54-9A1E7A4F7556}") = "App.AdventureMaker.Core", "App.AdventureMaker.Core\App.AdventureMaker.Core.csproj", "{D008E276-12E7-40CB-911F-3F395582317A}"
	ProjectSection(ProjectDependencies) = postProject
		{F9FB724F-6555-4B6B-8D51-3140CA47D2FE} = {F9FB724F-6555-4B6B-8D51-3140CA47D2FE}
	EndProjectSection
EndProject
Project("{9A19103F-16F7-4668-BE54-9A1E7A4F7556}") = "App.AdventureMaker.Linux", "App.AdventureMaker.Linux\App.AdventureMaker.Linux.csproj", "{65CAC900-69F3-4A16-9079-5CF1213CEB44}"
	ProjectSection(ProjectDependencies) = postProject
		{F9FB724F-6555-4B6B-8D51-3140CA47D2FE} = {F9FB724F-6555-4B6B-8D51-3140CA47D2FE}
	EndProjectSection
EndProject
Project("{9A19103F-16F7-4668-BE54-9A1E7A4F7556}") = "App.AdventureMaker.Windows", "App.AdventureMaker.Windows\App.AdventureMaker.Windows.csproj", "{AEE4B99D-C164-4495-AEE2-94CE4DBAAFDD}"
	ProjectSection(ProjectDependencies) = postProject
		{F9FB724F-6555-4B6B-8D51-3140CA47D2FE} = {F9FB724F-6555-4B6B-8D51-3140CA47D2FE}
	EndProjectSection
EndProject
Project("{2150E333-8FDC-42A3-9474-1A3956D46DE8}") = "Game Support Library", "Game Support Library", "{4DA6AF01-8F55-48AF-8044-9C0C10E8F797}"
EndProject
Project("{FAE04EC0-301F-11D3-BF4B-00C04F79EFBC}") = "Centrifuge.Distance", "Centrifuge.Distance\Centrifuge.GameSupport.Distance\Centrifuge.Distance.csproj", "{C0573B40-FE3F-4E65-BB05-CC143A10A700}"
	ProjectSection(ProjectDependencies) = postProject
		{F9FB724F-6555-4B6B-8D51-3140CA47D2FE} = {F9FB724F-6555-4B6B-8D51-3140CA47D2FE}
	EndProjectSection
EndProject
Project("{2150E333-8FDC-42A3-9474-1A3956D46DE8}") = "Libraries Helpers and Patches", "Libraries Helpers and Patches", "{C6C7A7A2-BAE8-4C15-9BC6-61BAB6A42006}"
EndProject
Project("{2150E333-8FDC-42A3-9474-1A3956D46DE8}") = "Modifications and Applications", "Modifications and Applications", "{23D64D48-DA47-4121-9E52-978C85687AC5}"
EndProject
Project("{D954291E-2A0B-460D-934E-DC6B0785DB48}") = "Common.Harmony", "Common.Harmony\Common.Harmony.shproj", "{4C854D11-2B63-4CB3-BFBF-4BCC37F4B35C}"
EndProject
Project("{D954291E-2A0B-460D-934E-DC6B0785DB48}") = "Common.Json", "Common.Json\Common.Json.shproj", "{755CB009-36FB-47E4-91FA-3D9A378FA7E8}"
EndProject
Project("{D954291E-2A0B-460D-934E-DC6B0785DB48}") = "Common.Distance.AdventureMaker", "Common.Distance.AdventureMaker\Common.Distance.AdventureMaker.shproj", "{0F2C2BE7-27A2-408A-841F-643B3549A55E}"
EndProject
Project("{D954291E-2A0B-460D-934E-DC6B0785DB48}") = "Common.SharpCompress", "Common.SharpCompress\Common.SharpCompress.shproj", "{27ADDC41-184A-417C-ABD0-13264475C380}"
EndProject
Project("{D954291E-2A0B-460D-934E-DC6B0785DB48}") = "Centrifuge.Distance.Shared", "Centrifuge.Distance\Centrifuge.GameSupport.Distance.Shared\Centrifuge.Distance.Shared.shproj", "{E4AC586E-AD6D-43A8-A0CB-AA4D2D6FE578}"
EndProject
Project("{2150E333-8FDC-42A3-9474-1A3956D46DE8}") = "Wiki", "Wiki", "{B278157B-15FE-472F-A7DC-79C8217A0F3B}"
EndProject
Project("{2150E333-8FDC-42A3-9474-1A3956D46DE8}") = "ResearchAndDevelopment", "ResearchAndDevelopment", "{2474388E-8D7C-4287-8A9E-7878D89E989A}"
EndProject
Project("{D954291E-2A0B-460D-934E-DC6B0785DB48}") = "Distance.ResearchAndDevelopment.Content", "Distance.ResearchAndDevelopment.Content\Distance.ResearchAndDevelopment.Content.shproj", "{F6C2C5DD-2F7C-4423-A3BD-D54F3FA8E6C9}"
EndProject
Project("{FAE04EC0-301F-11D3-BF4B-00C04F79EFBC}") = "Distance.ResearchAndDevelopment", "Distance.ResearchAndDevelopment\Distance.ResearchAndDevelopment.csproj", "{004F8E95-36D7-400D-873F-60288E533802}"
	ProjectSection(ProjectDependencies) = postProject
		{F9FB724F-6555-4B6B-8D51-3140CA47D2FE} = {F9FB724F-6555-4B6B-8D51-3140CA47D2FE}
	EndProjectSection
EndProject
Project("{D954291E-2A0B-460D-934E-DC6B0785DB48}") = "Common.Extensions", "Common.Extensions\Common.Extensions.shproj", "{F4DB0D96-1B9C-4851-A07C-87CF2313A6B8}"
EndProject
Global
	GlobalSection(SharedMSBuildProjectFiles) = preSolution
		Distance.NoServerLimit.Content\Distance.NoServerLimit.Content.projitems*{02cd7385-b155-4974-843d-9d0dd6bbfbe5}*SharedItemsImports = 13
		Distance.TextureModifier.Content\Distance.TextureModifier.Content.projitems*{06a78a9a-7a66-431f-8023-36eaa5d0fbaf}*SharedItemsImports = 4
		Distance.TextureModifier.Content\Distance.TextureModifier.Content.projitems*{07d04eb9-6ab9-46cf-a3c3-a2e1d24fbeef}*SharedItemsImports = 13
		Distance.HalloweenSeasonalFeatures.Content\Distance.HalloweenSeasonalFeatures.Content.projitems*{0b6c17ad-b346-42ac-96ce-760ea993c5f0}*SharedItemsImports = 13
		Common.Distance.AdventureMaker\Common.Distance.AdventureMaker.projitems*{0f2c2be7-27a2-408a-841f-643b3549a55e}*SharedItemsImports = 13
		Distance.NoEditorNumberLimits.Content\Distance.NoEditorNumberLimits.Content.projitems*{12b05bfd-73ca-4b5c-a258-ef142c21066a}*SharedItemsImports = 13
		Distance.Anolytics.Content\Distance.Anolytics.Content.projitems*{19f17209-4a5c-43e2-86dc-cce76dba5c23}*SharedItemsImports = 13
		Distance.NitronicHUD.Content\Distance.NitronicHUD.Content.projitems*{1b79abb1-9caa-41f4-a88a-d84524e8f25a}*SharedItemsImports = 13
		App.SharedResources\App.Icons.projitems*{23fb61ff-77b2-4088-9f17-3db7a93d5abc}*SharedItemsImports = 5
		Common.SharpCompress\Common.SharpCompress.projitems*{27addc41-184a-417c-abd0-13264475c380}*SharedItemsImports = 13
		Common.Harmony\Common.Harmony.projitems*{4c854d11-2b63-4cb3-bfbf-4bcc37f4b35c}*SharedItemsImports = 13
		Distance.CustomDeathMessages.Content\Distance.CustomDeathMessages.Content.projitems*{57657ebc-1f29-4357-b4ef-45b2b22f5a3f}*SharedItemsImports = 13
		Distance.TrackMusic.Content\Distance.TrackMusic.Content.projitems*{58bfee58-73a0-4451-9da7-0fb51f1c53ea}*SharedItemsImports = 13
		App.SharedResources\App.Icons.projitems*{5a8f08f8-dee7-412a-95a8-3dc81f72f50e}*SharedItemsImports = 13
		Common.Json\Common.Json.projitems*{755cb009-36fb-47e4-91fa-3d9a378fa7e8}*SharedItemsImports = 13
		Distance.Heat.Content\Distance.Heat.Content.projitems*{7f00b47c-1cb4-4d7d-96ab-3cfd23b03ace}*SharedItemsImports = 13
		Common.Json\Common.Json.projitems*{83c8f38b-07e9-4a9b-8e5c-37981a28136e}*SharedItemsImports = 4
		Distance.MenuUtilities.Content\Distance.MenuUtilities.Content.projitems*{878494b6-cd3f-4d65-82e1-c250887fe8ba}*SharedItemsImports = 13
		Distance.CustomWheelHologram.Content\Distance.CustomWheelHologram.Content.projitems*{a26d9216-daea-4876-a182-70df4ff5997b}*SharedItemsImports = 13
		Distance.DecorativeLamp.Content\Distance.DecorativeLamp.Content.projitems*{a7ee87a2-a395-4018-a8c0-b12b44005e52}*SharedItemsImports = 13
		Repository.Metadata\Repository.Metadata.projitems*{af094e78-872d-4473-9c5f-063c6640f94e}*SharedItemsImports = 13
		Distance.CustomCar.Content\Distance.CustomCar.Content.projitems*{b250cc3f-e2f1-40e6-8a89-5ad23d54c019}*SharedItemsImports = 13
		Common.Distance.AdventureMaker\Common.Distance.AdventureMaker.projitems*{b3f55581-78bd-4ba4-bb36-d80f3716dbe4}*SharedItemsImports = 4
		Common.Json\Common.Json.projitems*{b3f55581-78bd-4ba4-bb36-d80f3716dbe4}*SharedItemsImports = 4
		Common.SharpCompress\Common.SharpCompress.projitems*{b3f55581-78bd-4ba4-bb36-d80f3716dbe4}*SharedItemsImports = 4
		Distance.AdventureMaker.Content\Distance.AdventureMaker.Content.projitems*{b6eca462-ea0b-4bd3-8419-2a59f1db34ed}*SharedItemsImports = 13
		Distance.ChristmasSeasonalFeatures.Content\Distance.ChristmasSeasonalFeatures.Content.projitems*{ccca412e-616c-49d3-80a6-a0111b879118}*SharedItemsImports = 13
		App.SharedResources\App.Icons.projitems*{d008e276-12e7-40cb-911f-3f395582317a}*SharedItemsImports = 5
		Common.Distance.AdventureMaker\Common.Distance.AdventureMaker.projitems*{d008e276-12e7-40cb-911f-3f395582317a}*SharedItemsImports = 5
		Common.Extensions\Common.Extensions.projitems*{d008e276-12e7-40cb-911f-3f395582317a}*SharedItemsImports = 5
		Common.Harmony\Common.Harmony.projitems*{d008e276-12e7-40cb-911f-3f395582317a}*SharedItemsImports = 5
		Common.Json\Common.Json.projitems*{d008e276-12e7-40cb-911f-3f395582317a}*SharedItemsImports = 5
		Common.SharpCompress\Common.SharpCompress.projitems*{d008e276-12e7-40cb-911f-3f395582317a}*SharedItemsImports = 5
		Distance.EditorAdditions.Content\Distance.EditorAdditions.Content.projitems*{e2e4ac75-d500-4d5d-a706-613a3df688e3}*SharedItemsImports = 13
		Centrifuge.Distance\Centrifuge.GameSupport.Distance.Shared\Centrifuge.Distance.Shared.projitems*{e4ac586e-ad6d-43a8-a0cb-aa4d2d6fe578}*SharedItemsImports = 13
		Distance.SceneDumper.Content\Distance.SceneDumper.Content.projitems*{e84718c2-200c-415f-ad1d-0cc133c38e70}*SharedItemsImports = 13
		Common.Extensions\Common.Extensions.projitems*{f4db0d96-1b9c-4851-a07c-87cf2313a6b8}*SharedItemsImports = 13
		Distance.ResearchAndDevelopment.Content\Distance.ResearchAndDevelopment.Content.projitems*{f6c2c5dd-2f7c-4423-a3bd-d54f3fa8e6c9}*SharedItemsImports = 13
	EndGlobalSection
	GlobalSection(SolutionConfigurationPlatforms) = preSolution
		Debug|Any CPU = Debug|Any CPU
		Debug|x86 = Debug|x86
		Release|Any CPU = Release|Any CPU
		Release|x86 = Release|x86
	EndGlobalSection
	GlobalSection(ProjectConfigurationPlatforms) = postSolution
		{06A78A9A-7A66-431F-8023-36EAA5D0FBAF}.Debug|Any CPU.ActiveCfg = Debug|Any CPU
		{06A78A9A-7A66-431F-8023-36EAA5D0FBAF}.Debug|Any CPU.Build.0 = Debug|Any CPU
		{06A78A9A-7A66-431F-8023-36EAA5D0FBAF}.Debug|x86.ActiveCfg = Debug|Any CPU
		{06A78A9A-7A66-431F-8023-36EAA5D0FBAF}.Debug|x86.Build.0 = Debug|Any CPU
		{06A78A9A-7A66-431F-8023-36EAA5D0FBAF}.Release|Any CPU.ActiveCfg = Release|Any CPU
		{06A78A9A-7A66-431F-8023-36EAA5D0FBAF}.Release|Any CPU.Build.0 = Release|Any CPU
		{06A78A9A-7A66-431F-8023-36EAA5D0FBAF}.Release|x86.ActiveCfg = Release|Any CPU
		{06A78A9A-7A66-431F-8023-36EAA5D0FBAF}.Release|x86.Build.0 = Release|Any CPU
		{7F70DC8B-8FAC-45E6-88A4-9A89217AA8B6}.Debug|Any CPU.ActiveCfg = Debug|Any CPU
		{7F70DC8B-8FAC-45E6-88A4-9A89217AA8B6}.Debug|Any CPU.Build.0 = Debug|Any CPU
		{7F70DC8B-8FAC-45E6-88A4-9A89217AA8B6}.Debug|x86.ActiveCfg = Debug|Any CPU
		{7F70DC8B-8FAC-45E6-88A4-9A89217AA8B6}.Debug|x86.Build.0 = Debug|Any CPU
		{7F70DC8B-8FAC-45E6-88A4-9A89217AA8B6}.Release|Any CPU.ActiveCfg = Release|Any CPU
		{7F70DC8B-8FAC-45E6-88A4-9A89217AA8B6}.Release|Any CPU.Build.0 = Release|Any CPU
		{7F70DC8B-8FAC-45E6-88A4-9A89217AA8B6}.Release|x86.ActiveCfg = Release|Any CPU
		{7F70DC8B-8FAC-45E6-88A4-9A89217AA8B6}.Release|x86.Build.0 = Release|Any CPU
		{7282013C-A962-4903-B580-A54D99AAF034}.Debug|Any CPU.ActiveCfg = Debug|Any CPU
		{7282013C-A962-4903-B580-A54D99AAF034}.Debug|Any CPU.Build.0 = Debug|Any CPU
		{7282013C-A962-4903-B580-A54D99AAF034}.Debug|x86.ActiveCfg = Debug|Any CPU
		{7282013C-A962-4903-B580-A54D99AAF034}.Debug|x86.Build.0 = Debug|Any CPU
		{7282013C-A962-4903-B580-A54D99AAF034}.Release|Any CPU.ActiveCfg = Release|Any CPU
		{7282013C-A962-4903-B580-A54D99AAF034}.Release|Any CPU.Build.0 = Release|Any CPU
		{7282013C-A962-4903-B580-A54D99AAF034}.Release|x86.ActiveCfg = Release|Any CPU
		{7282013C-A962-4903-B580-A54D99AAF034}.Release|x86.Build.0 = Release|Any CPU
		{0E1F111D-3A74-43C6-804E-C3D316624C64}.Debug|Any CPU.ActiveCfg = Debug|Any CPU
		{0E1F111D-3A74-43C6-804E-C3D316624C64}.Debug|Any CPU.Build.0 = Debug|Any CPU
		{0E1F111D-3A74-43C6-804E-C3D316624C64}.Debug|x86.ActiveCfg = Debug|Any CPU
		{0E1F111D-3A74-43C6-804E-C3D316624C64}.Debug|x86.Build.0 = Debug|Any CPU
		{0E1F111D-3A74-43C6-804E-C3D316624C64}.Release|Any CPU.ActiveCfg = Release|Any CPU
		{0E1F111D-3A74-43C6-804E-C3D316624C64}.Release|Any CPU.Build.0 = Release|Any CPU
		{0E1F111D-3A74-43C6-804E-C3D316624C64}.Release|x86.ActiveCfg = Release|Any CPU
		{0E1F111D-3A74-43C6-804E-C3D316624C64}.Release|x86.Build.0 = Release|Any CPU
		{5AA5A388-EB90-4280-BB32-4496138DD00E}.Debug|Any CPU.ActiveCfg = Debug|Any CPU
		{5AA5A388-EB90-4280-BB32-4496138DD00E}.Debug|Any CPU.Build.0 = Debug|Any CPU
		{5AA5A388-EB90-4280-BB32-4496138DD00E}.Debug|x86.ActiveCfg = Debug|Any CPU
		{5AA5A388-EB90-4280-BB32-4496138DD00E}.Debug|x86.Build.0 = Debug|Any CPU
		{5AA5A388-EB90-4280-BB32-4496138DD00E}.Release|Any CPU.ActiveCfg = Release|Any CPU
		{5AA5A388-EB90-4280-BB32-4496138DD00E}.Release|Any CPU.Build.0 = Release|Any CPU
		{5AA5A388-EB90-4280-BB32-4496138DD00E}.Release|x86.ActiveCfg = Release|Any CPU
		{5AA5A388-EB90-4280-BB32-4496138DD00E}.Release|x86.Build.0 = Release|Any CPU
		{249F576D-6A84-46D7-BAC7-308810DDDF8B}.Debug|Any CPU.ActiveCfg = Debug|Any CPU
		{249F576D-6A84-46D7-BAC7-308810DDDF8B}.Debug|Any CPU.Build.0 = Debug|Any CPU
		{249F576D-6A84-46D7-BAC7-308810DDDF8B}.Debug|x86.ActiveCfg = Debug|Any CPU
		{249F576D-6A84-46D7-BAC7-308810DDDF8B}.Debug|x86.Build.0 = Debug|Any CPU
		{249F576D-6A84-46D7-BAC7-308810DDDF8B}.Release|Any CPU.ActiveCfg = Release|Any CPU
		{249F576D-6A84-46D7-BAC7-308810DDDF8B}.Release|Any CPU.Build.0 = Release|Any CPU
		{249F576D-6A84-46D7-BAC7-308810DDDF8B}.Release|x86.ActiveCfg = Release|Any CPU
		{249F576D-6A84-46D7-BAC7-308810DDDF8B}.Release|x86.Build.0 = Release|Any CPU
		{041CD13C-84A1-485A-B34F-F6E016C1FECF}.Debug|Any CPU.ActiveCfg = Debug|Any CPU
		{041CD13C-84A1-485A-B34F-F6E016C1FECF}.Debug|Any CPU.Build.0 = Debug|Any CPU
		{041CD13C-84A1-485A-B34F-F6E016C1FECF}.Debug|x86.ActiveCfg = Debug|Any CPU
		{041CD13C-84A1-485A-B34F-F6E016C1FECF}.Debug|x86.Build.0 = Debug|Any CPU
		{041CD13C-84A1-485A-B34F-F6E016C1FECF}.Release|Any CPU.ActiveCfg = Release|Any CPU
		{041CD13C-84A1-485A-B34F-F6E016C1FECF}.Release|Any CPU.Build.0 = Release|Any CPU
		{041CD13C-84A1-485A-B34F-F6E016C1FECF}.Release|x86.ActiveCfg = Release|Any CPU
		{041CD13C-84A1-485A-B34F-F6E016C1FECF}.Release|x86.Build.0 = Release|Any CPU
		{0AD5BDA8-85AB-4163-BA40-CF49F769BADF}.Debug|Any CPU.ActiveCfg = Debug|Any CPU
		{0AD5BDA8-85AB-4163-BA40-CF49F769BADF}.Debug|Any CPU.Build.0 = Debug|Any CPU
		{0AD5BDA8-85AB-4163-BA40-CF49F769BADF}.Debug|x86.ActiveCfg = Debug|Any CPU
		{0AD5BDA8-85AB-4163-BA40-CF49F769BADF}.Debug|x86.Build.0 = Debug|Any CPU
		{0AD5BDA8-85AB-4163-BA40-CF49F769BADF}.Release|Any CPU.ActiveCfg = Release|Any CPU
		{0AD5BDA8-85AB-4163-BA40-CF49F769BADF}.Release|Any CPU.Build.0 = Release|Any CPU
		{0AD5BDA8-85AB-4163-BA40-CF49F769BADF}.Release|x86.ActiveCfg = Release|Any CPU
		{0AD5BDA8-85AB-4163-BA40-CF49F769BADF}.Release|x86.Build.0 = Release|Any CPU
		{5C830F16-0EC2-4A38-8C17-CFFB8E55C847}.Debug|Any CPU.ActiveCfg = Debug|Any CPU
		{5C830F16-0EC2-4A38-8C17-CFFB8E55C847}.Debug|Any CPU.Build.0 = Debug|Any CPU
		{5C830F16-0EC2-4A38-8C17-CFFB8E55C847}.Debug|x86.ActiveCfg = Debug|Any CPU
		{5C830F16-0EC2-4A38-8C17-CFFB8E55C847}.Debug|x86.Build.0 = Debug|Any CPU
		{5C830F16-0EC2-4A38-8C17-CFFB8E55C847}.Release|Any CPU.ActiveCfg = Release|Any CPU
		{5C830F16-0EC2-4A38-8C17-CFFB8E55C847}.Release|Any CPU.Build.0 = Release|Any CPU
		{5C830F16-0EC2-4A38-8C17-CFFB8E55C847}.Release|x86.ActiveCfg = Release|Any CPU
		{5C830F16-0EC2-4A38-8C17-CFFB8E55C847}.Release|x86.Build.0 = Release|Any CPU
		{C8FF4D2C-1255-4E90-A2CA-F5787B95E7C5}.Debug|Any CPU.ActiveCfg = Debug|Any CPU
		{C8FF4D2C-1255-4E90-A2CA-F5787B95E7C5}.Debug|Any CPU.Build.0 = Debug|Any CPU
		{C8FF4D2C-1255-4E90-A2CA-F5787B95E7C5}.Debug|x86.ActiveCfg = Debug|Any CPU
		{C8FF4D2C-1255-4E90-A2CA-F5787B95E7C5}.Debug|x86.Build.0 = Debug|Any CPU
		{C8FF4D2C-1255-4E90-A2CA-F5787B95E7C5}.Release|Any CPU.ActiveCfg = Release|Any CPU
		{C8FF4D2C-1255-4E90-A2CA-F5787B95E7C5}.Release|Any CPU.Build.0 = Release|Any CPU
		{C8FF4D2C-1255-4E90-A2CA-F5787B95E7C5}.Release|x86.ActiveCfg = Release|Any CPU
		{C8FF4D2C-1255-4E90-A2CA-F5787B95E7C5}.Release|x86.Build.0 = Release|Any CPU
		{83C8F38B-07E9-4A9B-8E5C-37981A28136E}.Debug|Any CPU.ActiveCfg = Debug|Any CPU
		{83C8F38B-07E9-4A9B-8E5C-37981A28136E}.Debug|Any CPU.Build.0 = Debug|Any CPU
		{83C8F38B-07E9-4A9B-8E5C-37981A28136E}.Debug|x86.ActiveCfg = Debug|Any CPU
		{83C8F38B-07E9-4A9B-8E5C-37981A28136E}.Debug|x86.Build.0 = Debug|Any CPU
		{83C8F38B-07E9-4A9B-8E5C-37981A28136E}.Release|Any CPU.ActiveCfg = Release|Any CPU
		{83C8F38B-07E9-4A9B-8E5C-37981A28136E}.Release|Any CPU.Build.0 = Release|Any CPU
		{83C8F38B-07E9-4A9B-8E5C-37981A28136E}.Release|x86.ActiveCfg = Release|Any CPU
		{83C8F38B-07E9-4A9B-8E5C-37981A28136E}.Release|x86.Build.0 = Release|Any CPU
		{7FF8ABD9-D1F2-48EC-A249-B68457D27BC5}.Debug|Any CPU.ActiveCfg = Debug|Any CPU
		{7FF8ABD9-D1F2-48EC-A249-B68457D27BC5}.Debug|Any CPU.Build.0 = Debug|Any CPU
		{7FF8ABD9-D1F2-48EC-A249-B68457D27BC5}.Debug|x86.ActiveCfg = Debug|Any CPU
		{7FF8ABD9-D1F2-48EC-A249-B68457D27BC5}.Debug|x86.Build.0 = Debug|Any CPU
		{7FF8ABD9-D1F2-48EC-A249-B68457D27BC5}.Release|Any CPU.ActiveCfg = Release|Any CPU
		{7FF8ABD9-D1F2-48EC-A249-B68457D27BC5}.Release|Any CPU.Build.0 = Release|Any CPU
		{7FF8ABD9-D1F2-48EC-A249-B68457D27BC5}.Release|x86.ActiveCfg = Release|Any CPU
		{7FF8ABD9-D1F2-48EC-A249-B68457D27BC5}.Release|x86.Build.0 = Release|Any CPU
		{F9FB724F-6555-4B6B-8D51-3140CA47D2FE}.Debug|Any CPU.ActiveCfg = Debug|Any CPU
		{F9FB724F-6555-4B6B-8D51-3140CA47D2FE}.Debug|Any CPU.Build.0 = Debug|Any CPU
		{F9FB724F-6555-4B6B-8D51-3140CA47D2FE}.Debug|x86.ActiveCfg = Debug|Any CPU
		{F9FB724F-6555-4B6B-8D51-3140CA47D2FE}.Debug|x86.Build.0 = Debug|Any CPU
		{F9FB724F-6555-4B6B-8D51-3140CA47D2FE}.Release|Any CPU.ActiveCfg = Release|Any CPU
		{F9FB724F-6555-4B6B-8D51-3140CA47D2FE}.Release|Any CPU.Build.0 = Release|Any CPU
		{F9FB724F-6555-4B6B-8D51-3140CA47D2FE}.Release|x86.ActiveCfg = Release|Any CPU
		{F9FB724F-6555-4B6B-8D51-3140CA47D2FE}.Release|x86.Build.0 = Release|Any CPU
		{B21D17E3-F84D-491A-9609-9C6C004165DE}.Debug|Any CPU.ActiveCfg = Debug|Any CPU
		{B21D17E3-F84D-491A-9609-9C6C004165DE}.Debug|Any CPU.Build.0 = Debug|Any CPU
		{B21D17E3-F84D-491A-9609-9C6C004165DE}.Debug|x86.ActiveCfg = Debug|Any CPU
		{B21D17E3-F84D-491A-9609-9C6C004165DE}.Debug|x86.Build.0 = Debug|Any CPU
		{B21D17E3-F84D-491A-9609-9C6C004165DE}.Release|Any CPU.ActiveCfg = Release|Any CPU
		{B21D17E3-F84D-491A-9609-9C6C004165DE}.Release|Any CPU.Build.0 = Release|Any CPU
		{B21D17E3-F84D-491A-9609-9C6C004165DE}.Release|x86.ActiveCfg = Release|Any CPU
		{B21D17E3-F84D-491A-9609-9C6C004165DE}.Release|x86.Build.0 = Release|Any CPU
		{502868DA-BA52-4E50-8163-F5AC29D75F7D}.Debug|Any CPU.ActiveCfg = Debug|Any CPU
		{502868DA-BA52-4E50-8163-F5AC29D75F7D}.Debug|Any CPU.Build.0 = Debug|Any CPU
		{502868DA-BA52-4E50-8163-F5AC29D75F7D}.Debug|x86.ActiveCfg = Debug|Any CPU
		{502868DA-BA52-4E50-8163-F5AC29D75F7D}.Debug|x86.Build.0 = Debug|Any CPU
		{502868DA-BA52-4E50-8163-F5AC29D75F7D}.Release|Any CPU.ActiveCfg = Release|Any CPU
		{502868DA-BA52-4E50-8163-F5AC29D75F7D}.Release|Any CPU.Build.0 = Release|Any CPU
		{502868DA-BA52-4E50-8163-F5AC29D75F7D}.Release|x86.ActiveCfg = Release|Any CPU
		{502868DA-BA52-4E50-8163-F5AC29D75F7D}.Release|x86.Build.0 = Release|Any CPU
		{E196A946-2ED4-4EC2-863B-77ED35E42D0F}.Debug|Any CPU.ActiveCfg = Debug|Any CPU
		{E196A946-2ED4-4EC2-863B-77ED35E42D0F}.Debug|Any CPU.Build.0 = Debug|Any CPU
		{E196A946-2ED4-4EC2-863B-77ED35E42D0F}.Debug|x86.ActiveCfg = Debug|Any CPU
		{E196A946-2ED4-4EC2-863B-77ED35E42D0F}.Debug|x86.Build.0 = Debug|Any CPU
		{E196A946-2ED4-4EC2-863B-77ED35E42D0F}.Release|Any CPU.ActiveCfg = Release|Any CPU
		{E196A946-2ED4-4EC2-863B-77ED35E42D0F}.Release|Any CPU.Build.0 = Release|Any CPU
		{E196A946-2ED4-4EC2-863B-77ED35E42D0F}.Release|x86.ActiveCfg = Release|Any CPU
		{E196A946-2ED4-4EC2-863B-77ED35E42D0F}.Release|x86.Build.0 = Release|Any CPU
		{5C9E788B-C9B8-462D-A561-431EBA706C0F}.Debug|Any CPU.ActiveCfg = Debug|Any CPU
		{5C9E788B-C9B8-462D-A561-431EBA706C0F}.Debug|Any CPU.Build.0 = Debug|Any CPU
		{5C9E788B-C9B8-462D-A561-431EBA706C0F}.Debug|x86.ActiveCfg = Debug|Any CPU
		{5C9E788B-C9B8-462D-A561-431EBA706C0F}.Debug|x86.Build.0 = Debug|Any CPU
		{5C9E788B-C9B8-462D-A561-431EBA706C0F}.Release|Any CPU.ActiveCfg = Release|Any CPU
		{5C9E788B-C9B8-462D-A561-431EBA706C0F}.Release|Any CPU.Build.0 = Release|Any CPU
		{5C9E788B-C9B8-462D-A561-431EBA706C0F}.Release|x86.ActiveCfg = Release|Any CPU
		{5C9E788B-C9B8-462D-A561-431EBA706C0F}.Release|x86.Build.0 = Release|Any CPU
		{476DB7CE-46C9-4612-AFB6-BBFE24D0D283}.Debug|Any CPU.ActiveCfg = Debug|Any CPU
		{476DB7CE-46C9-4612-AFB6-BBFE24D0D283}.Debug|Any CPU.Build.0 = Debug|Any CPU
		{476DB7CE-46C9-4612-AFB6-BBFE24D0D283}.Debug|x86.ActiveCfg = Debug|Any CPU
		{476DB7CE-46C9-4612-AFB6-BBFE24D0D283}.Debug|x86.Build.0 = Debug|Any CPU
		{476DB7CE-46C9-4612-AFB6-BBFE24D0D283}.Release|Any CPU.ActiveCfg = Release|Any CPU
		{476DB7CE-46C9-4612-AFB6-BBFE24D0D283}.Release|Any CPU.Build.0 = Release|Any CPU
		{476DB7CE-46C9-4612-AFB6-BBFE24D0D283}.Release|x86.ActiveCfg = Release|Any CPU
		{476DB7CE-46C9-4612-AFB6-BBFE24D0D283}.Release|x86.Build.0 = Release|Any CPU
		{6A3017EA-51DD-41DA-A0AF-8A9C0A7D40AC}.Debug|Any CPU.ActiveCfg = Debug|Any CPU
		{6A3017EA-51DD-41DA-A0AF-8A9C0A7D40AC}.Debug|Any CPU.Build.0 = Debug|Any CPU
		{6A3017EA-51DD-41DA-A0AF-8A9C0A7D40AC}.Debug|x86.ActiveCfg = Debug|x86
		{6A3017EA-51DD-41DA-A0AF-8A9C0A7D40AC}.Debug|x86.Build.0 = Debug|x86
		{6A3017EA-51DD-41DA-A0AF-8A9C0A7D40AC}.Release|Any CPU.ActiveCfg = Release|Any CPU
		{6A3017EA-51DD-41DA-A0AF-8A9C0A7D40AC}.Release|Any CPU.Build.0 = Release|Any CPU
		{6A3017EA-51DD-41DA-A0AF-8A9C0A7D40AC}.Release|x86.ActiveCfg = Release|x86
		{6A3017EA-51DD-41DA-A0AF-8A9C0A7D40AC}.Release|x86.Build.0 = Release|x86
		{23FB61FF-77B2-4088-9F17-3DB7A93D5ABC}.Debug|Any CPU.ActiveCfg = Debug|Any CPU
		{23FB61FF-77B2-4088-9F17-3DB7A93D5ABC}.Debug|Any CPU.Build.0 = Debug|Any CPU
		{23FB61FF-77B2-4088-9F17-3DB7A93D5ABC}.Debug|x86.ActiveCfg = Debug|Any CPU
		{23FB61FF-77B2-4088-9F17-3DB7A93D5ABC}.Debug|x86.Build.0 = Debug|Any CPU
		{23FB61FF-77B2-4088-9F17-3DB7A93D5ABC}.Release|Any CPU.ActiveCfg = Release|Any CPU
		{23FB61FF-77B2-4088-9F17-3DB7A93D5ABC}.Release|Any CPU.Build.0 = Release|Any CPU
		{23FB61FF-77B2-4088-9F17-3DB7A93D5ABC}.Release|x86.ActiveCfg = Release|Any CPU
		{23FB61FF-77B2-4088-9F17-3DB7A93D5ABC}.Release|x86.Build.0 = Release|Any CPU
		{98584710-E489-4CA3-A228-CA0DB7AF4C1E}.Debug|Any CPU.ActiveCfg = Debug|Any CPU
		{98584710-E489-4CA3-A228-CA0DB7AF4C1E}.Debug|Any CPU.Build.0 = Debug|Any CPU
		{98584710-E489-4CA3-A228-CA0DB7AF4C1E}.Debug|x86.ActiveCfg = Debug|Any CPU
		{98584710-E489-4CA3-A228-CA0DB7AF4C1E}.Debug|x86.Build.0 = Debug|Any CPU
		{98584710-E489-4CA3-A228-CA0DB7AF4C1E}.Release|Any CPU.ActiveCfg = Release|Any CPU
		{98584710-E489-4CA3-A228-CA0DB7AF4C1E}.Release|Any CPU.Build.0 = Release|Any CPU
		{98584710-E489-4CA3-A228-CA0DB7AF4C1E}.Release|x86.ActiveCfg = Release|Any CPU
		{98584710-E489-4CA3-A228-CA0DB7AF4C1E}.Release|x86.Build.0 = Release|Any CPU
		{B646CFD4-AE3A-4796-B18F-8D6A27CBBE53}.Debug|Any CPU.ActiveCfg = Debug|Any CPU
		{B646CFD4-AE3A-4796-B18F-8D6A27CBBE53}.Debug|Any CPU.Build.0 = Debug|Any CPU
		{B646CFD4-AE3A-4796-B18F-8D6A27CBBE53}.Debug|x86.ActiveCfg = Debug|Any CPU
		{B646CFD4-AE3A-4796-B18F-8D6A27CBBE53}.Debug|x86.Build.0 = Debug|Any CPU
		{B646CFD4-AE3A-4796-B18F-8D6A27CBBE53}.Release|Any CPU.ActiveCfg = Release|Any CPU
		{B646CFD4-AE3A-4796-B18F-8D6A27CBBE53}.Release|Any CPU.Build.0 = Release|Any CPU
		{B646CFD4-AE3A-4796-B18F-8D6A27CBBE53}.Release|x86.ActiveCfg = Release|Any CPU
		{B646CFD4-AE3A-4796-B18F-8D6A27CBBE53}.Release|x86.Build.0 = Release|Any CPU
		{B3F55581-78BD-4BA4-BB36-D80F3716DBE4}.Debug|Any CPU.ActiveCfg = Debug|Any CPU
		{B3F55581-78BD-4BA4-BB36-D80F3716DBE4}.Debug|Any CPU.Build.0 = Debug|Any CPU
		{B3F55581-78BD-4BA4-BB36-D80F3716DBE4}.Debug|x86.ActiveCfg = Debug|Any CPU
		{B3F55581-78BD-4BA4-BB36-D80F3716DBE4}.Debug|x86.Build.0 = Debug|Any CPU
		{B3F55581-78BD-4BA4-BB36-D80F3716DBE4}.Release|Any CPU.ActiveCfg = Release|Any CPU
		{B3F55581-78BD-4BA4-BB36-D80F3716DBE4}.Release|Any CPU.Build.0 = Release|Any CPU
		{B3F55581-78BD-4BA4-BB36-D80F3716DBE4}.Release|x86.ActiveCfg = Release|Any CPU
		{B3F55581-78BD-4BA4-BB36-D80F3716DBE4}.Release|x86.Build.0 = Release|Any CPU
		{D008E276-12E7-40CB-911F-3F395582317A}.Debug|Any CPU.ActiveCfg = Debug|Any CPU
		{D008E276-12E7-40CB-911F-3F395582317A}.Debug|Any CPU.Build.0 = Debug|Any CPU
		{D008E276-12E7-40CB-911F-3F395582317A}.Debug|x86.ActiveCfg = Debug|Any CPU
		{D008E276-12E7-40CB-911F-3F395582317A}.Debug|x86.Build.0 = Debug|Any CPU
		{D008E276-12E7-40CB-911F-3F395582317A}.Release|Any CPU.ActiveCfg = Release|Any CPU
		{D008E276-12E7-40CB-911F-3F395582317A}.Release|Any CPU.Build.0 = Release|Any CPU
		{D008E276-12E7-40CB-911F-3F395582317A}.Release|x86.ActiveCfg = Release|Any CPU
		{D008E276-12E7-40CB-911F-3F395582317A}.Release|x86.Build.0 = Release|Any CPU
		{65CAC900-69F3-4A16-9079-5CF1213CEB44}.Debug|Any CPU.ActiveCfg = Debug|Any CPU
		{65CAC900-69F3-4A16-9079-5CF1213CEB44}.Debug|Any CPU.Build.0 = Debug|Any CPU
		{65CAC900-69F3-4A16-9079-5CF1213CEB44}.Debug|x86.ActiveCfg = Debug|Any CPU
		{65CAC900-69F3-4A16-9079-5CF1213CEB44}.Debug|x86.Build.0 = Debug|Any CPU
		{65CAC900-69F3-4A16-9079-5CF1213CEB44}.Release|Any CPU.ActiveCfg = Release|Any CPU
		{65CAC900-69F3-4A16-9079-5CF1213CEB44}.Release|Any CPU.Build.0 = Release|Any CPU
		{65CAC900-69F3-4A16-9079-5CF1213CEB44}.Release|x86.ActiveCfg = Release|Any CPU
		{65CAC900-69F3-4A16-9079-5CF1213CEB44}.Release|x86.Build.0 = Release|Any CPU
		{AEE4B99D-C164-4495-AEE2-94CE4DBAAFDD}.Debug|Any CPU.ActiveCfg = Debug|Any CPU
		{AEE4B99D-C164-4495-AEE2-94CE4DBAAFDD}.Debug|Any CPU.Build.0 = Debug|Any CPU
		{AEE4B99D-C164-4495-AEE2-94CE4DBAAFDD}.Debug|x86.ActiveCfg = Debug|Any CPU
		{AEE4B99D-C164-4495-AEE2-94CE4DBAAFDD}.Debug|x86.Build.0 = Debug|Any CPU
		{AEE4B99D-C164-4495-AEE2-94CE4DBAAFDD}.Release|Any CPU.ActiveCfg = Release|Any CPU
		{AEE4B99D-C164-4495-AEE2-94CE4DBAAFDD}.Release|Any CPU.Build.0 = Release|Any CPU
		{AEE4B99D-C164-4495-AEE2-94CE4DBAAFDD}.Release|x86.ActiveCfg = Release|Any CPU
		{AEE4B99D-C164-4495-AEE2-94CE4DBAAFDD}.Release|x86.Build.0 = Release|Any CPU
		{C0573B40-FE3F-4E65-BB05-CC143A10A700}.Debug|Any CPU.ActiveCfg = Debug|Any CPU
		{C0573B40-FE3F-4E65-BB05-CC143A10A700}.Debug|Any CPU.Build.0 = Debug|Any CPU
		{C0573B40-FE3F-4E65-BB05-CC143A10A700}.Debug|x86.ActiveCfg = Debug|Any CPU
		{C0573B40-FE3F-4E65-BB05-CC143A10A700}.Debug|x86.Build.0 = Debug|Any CPU
		{C0573B40-FE3F-4E65-BB05-CC143A10A700}.Release|Any CPU.ActiveCfg = Release|Any CPU
		{C0573B40-FE3F-4E65-BB05-CC143A10A700}.Release|Any CPU.Build.0 = Release|Any CPU
		{C0573B40-FE3F-4E65-BB05-CC143A10A700}.Release|x86.ActiveCfg = Release|Any CPU
		{C0573B40-FE3F-4E65-BB05-CC143A10A700}.Release|x86.Build.0 = Release|Any CPU
		{004F8E95-36D7-400D-873F-60288E533802}.Debug|Any CPU.ActiveCfg = Debug|Any CPU
		{004F8E95-36D7-400D-873F-60288E533802}.Debug|Any CPU.Build.0 = Debug|Any CPU
		{004F8E95-36D7-400D-873F-60288E533802}.Debug|x86.ActiveCfg = Debug|Any CPU
		{004F8E95-36D7-400D-873F-60288E533802}.Debug|x86.Build.0 = Debug|Any CPU
		{004F8E95-36D7-400D-873F-60288E533802}.Release|Any CPU.ActiveCfg = Release|Any CPU
		{004F8E95-36D7-400D-873F-60288E533802}.Release|Any CPU.Build.0 = Release|Any CPU
		{004F8E95-36D7-400D-873F-60288E533802}.Release|x86.ActiveCfg = Release|Any CPU
		{004F8E95-36D7-400D-873F-60288E533802}.Release|x86.Build.0 = Release|Any CPU
	EndGlobalSection
	GlobalSection(SolutionProperties) = preSolution
		HideSolutionNode = FALSE
	EndGlobalSection
	GlobalSection(NestedProjects) = preSolution
		{06A78A9A-7A66-431F-8023-36EAA5D0FBAF} = {5A6698A6-DFCB-42E1-B1DE-D2BBA7B05893}
		{07D04EB9-6AB9-46CF-A3C3-A2E1D24FBEEF} = {5A6698A6-DFCB-42E1-B1DE-D2BBA7B05893}
		{FBE54414-7B38-45CC-8C16-CAA856909722} = {62BC4F1F-FA19-49AE-8496-3288DB2BE095}
		{7F70DC8B-8FAC-45E6-88A4-9A89217AA8B6} = {62BC4F1F-FA19-49AE-8496-3288DB2BE095}
		{7282013C-A962-4903-B580-A54D99AAF034} = {3719A10A-0CFA-4AFE-A3C4-FD6A511848F5}
		{58BFEE58-73A0-4451-9DA7-0FB51F1C53EA} = {3719A10A-0CFA-4AFE-A3C4-FD6A511848F5}
		{0E1F111D-3A74-43C6-804E-C3D316624C64} = {F8F24696-1DD7-447E-AFD7-A531A8A0AB0B}
		{E84718C2-200C-415F-AD1D-0CC133C38E70} = {F8F24696-1DD7-447E-AFD7-A531A8A0AB0B}
		{5AA5A388-EB90-4280-BB32-4496138DD00E} = {D2034ED6-4AE1-4EA9-9BAD-C8A3A8EC5749}
		{57657EBC-1F29-4357-B4EF-45B2B22F5A3F} = {D2034ED6-4AE1-4EA9-9BAD-C8A3A8EC5749}
		{249F576D-6A84-46D7-BAC7-308810DDDF8B} = {3178807C-182F-4B30-BBC4-81ACBC7F2614}
		{041CD13C-84A1-485A-B34F-F6E016C1FECF} = {FE55D92A-A33A-4D20-8857-2AAE1CC6C8BF}
		{A26D9216-DAEA-4876-A182-70DF4FF5997B} = {FE55D92A-A33A-4D20-8857-2AAE1CC6C8BF}
		{0AD5BDA8-85AB-4163-BA40-CF49F769BADF} = {E2A79B1C-F407-4B1D-8D8E-80BC5F58BBE2}
		{19F17209-4A5C-43E2-86DC-CCE76DBA5C23} = {E2A79B1C-F407-4B1D-8D8E-80BC5F58BBE2}
		{5C830F16-0EC2-4A38-8C17-CFFB8E55C847} = {EA2993F1-0B88-4CF0-9672-9693917673DC}
		{C8FF4D2C-1255-4E90-A2CA-F5787B95E7C5} = {8496824E-305D-46EF-A159-A86F87004A8E}
		{A7EE87A2-A395-4018-A8C0-B12B44005E52} = {8496824E-305D-46EF-A159-A86F87004A8E}
		{02CD7385-B155-4974-843D-9D0DD6BBFBE5} = {3178807C-182F-4B30-BBC4-81ACBC7F2614}
		{83C8F38B-07E9-4A9B-8E5C-37981A28136E} = {C57E7170-5555-42CF-91FE-23719623964D}
		{E2E4AC75-D500-4D5D-A706-613A3DF688E3} = {C57E7170-5555-42CF-91FE-23719623964D}
		{7FF8ABD9-D1F2-48EC-A249-B68457D27BC5} = {81EB8833-EF5A-483B-9D2B-250A3F3E6F4D}
		{1B79ABB1-9CAA-41F4-A88A-D84524E8F25A} = {81EB8833-EF5A-483B-9D2B-250A3F3E6F4D}
		{F9FB724F-6555-4B6B-8D51-3140CA47D2FE} = {EA2993F1-0B88-4CF0-9672-9693917673DC}
		{7F00B47C-1CB4-4D7D-96AB-3CFD23B03ACE} = {391DA4A9-9F52-432A-8D0B-34C48049C9CA}
		{B21D17E3-F84D-491A-9609-9C6C004165DE} = {391DA4A9-9F52-432A-8D0B-34C48049C9CA}
		{B250CC3F-E2F1-40E6-8A89-5AD23D54C019} = {FA4FFD38-DB26-40E4-A24D-8DF6B24B6193}
		{502868DA-BA52-4E50-8163-F5AC29D75F7D} = {FA4FFD38-DB26-40E4-A24D-8DF6B24B6193}
		{E196A946-2ED4-4EC2-863B-77ED35E42D0F} = {42067B8A-7951-47D4-96A4-717781E168E0}
		{878494B6-CD3F-4D65-82E1-C250887FE8BA} = {42067B8A-7951-47D4-96A4-717781E168E0}
		{5C9E788B-C9B8-462D-A561-431EBA706C0F} = {F3EFE8B2-34DD-42E8-9E47-DF890B907F7C}
		{12B05BFD-73CA-4B5C-A258-EF142C21066A} = {F3EFE8B2-34DD-42E8-9E47-DF890B907F7C}
		{476DB7CE-46C9-4612-AFB6-BBFE24D0D283} = {DEE23727-8E8E-4BCA-92AD-6892E6D6A1BB}
		{0B6C17AD-B346-42AC-96CE-760EA993C5F0} = {DEE23727-8E8E-4BCA-92AD-6892E6D6A1BB}
		{6A3017EA-51DD-41DA-A0AF-8A9C0A7D40AC} = {53EA95AC-47D0-4ABB-A13B-FD4AAE42B1C7}
		{CCCA412E-616C-49D3-80A6-A0111B879118} = {53EA95AC-47D0-4ABB-A13B-FD4AAE42B1C7}
		{E2A79B1C-F407-4B1D-8D8E-80BC5F58BBE2} = {0FC121F4-6F94-4C7D-A2B5-D92AC9CC91A6}
		{FA4FFD38-DB26-40E4-A24D-8DF6B24B6193} = {0FC121F4-6F94-4C7D-A2B5-D92AC9CC91A6}
		{53EA95AC-47D0-4ABB-A13B-FD4AAE42B1C7} = {0FC121F4-6F94-4C7D-A2B5-D92AC9CC91A6}
		{D2034ED6-4AE1-4EA9-9BAD-C8A3A8EC5749} = {0FC121F4-6F94-4C7D-A2B5-D92AC9CC91A6}
		{C57E7170-5555-42CF-91FE-23719623964D} = {0FC121F4-6F94-4C7D-A2B5-D92AC9CC91A6}
		{391DA4A9-9F52-432A-8D0B-34C48049C9CA} = {0FC121F4-6F94-4C7D-A2B5-D92AC9CC91A6}
		{81EB8833-EF5A-483B-9D2B-250A3F3E6F4D} = {0FC121F4-6F94-4C7D-A2B5-D92AC9CC91A6}
		{3719A10A-0CFA-4AFE-A3C4-FD6A511848F5} = {0FC121F4-6F94-4C7D-A2B5-D92AC9CC91A6}
		{F8F24696-1DD7-447E-AFD7-A531A8A0AB0B} = {0FC121F4-6F94-4C7D-A2B5-D92AC9CC91A6}
		{42067B8A-7951-47D4-96A4-717781E168E0} = {0FC121F4-6F94-4C7D-A2B5-D92AC9CC91A6}
		{8496824E-305D-46EF-A159-A86F87004A8E} = {0FC121F4-6F94-4C7D-A2B5-D92AC9CC91A6}
		{FE55D92A-A33A-4D20-8857-2AAE1CC6C8BF} = {0FC121F4-6F94-4C7D-A2B5-D92AC9CC91A6}
		{5A6698A6-DFCB-42E1-B1DE-D2BBA7B05893} = {0FC121F4-6F94-4C7D-A2B5-D92AC9CC91A6}
		{3178807C-182F-4B30-BBC4-81ACBC7F2614} = {0FC121F4-6F94-4C7D-A2B5-D92AC9CC91A6}
		{F3EFE8B2-34DD-42E8-9E47-DF890B907F7C} = {0FC121F4-6F94-4C7D-A2B5-D92AC9CC91A6}
		{DEE23727-8E8E-4BCA-92AD-6892E6D6A1BB} = {0FC121F4-6F94-4C7D-A2B5-D92AC9CC91A6}
		{BBB0D871-A85D-41AA-A40D-5964A0FAAFBC} = {1AB34F43-0922-4552-8750-6A29B046EB72}
		{23FB61FF-77B2-4088-9F17-3DB7A93D5ABC} = {BBB0D871-A85D-41AA-A40D-5964A0FAAFBC}
		{98584710-E489-4CA3-A228-CA0DB7AF4C1E} = {BBB0D871-A85D-41AA-A40D-5964A0FAAFBC}
		{B646CFD4-AE3A-4796-B18F-8D6A27CBBE53} = {BBB0D871-A85D-41AA-A40D-5964A0FAAFBC}
		{5A8F08F8-DEE7-412A-95A8-3DC81F72F50E} = {1AB34F43-0922-4552-8750-6A29B046EB72}
		{B9198DEA-AD30-4B4D-A630-85F667A9A258} = {1AB34F43-0922-4552-8750-6A29B046EB72}
		{DB43370E-FA3B-42BE-BF0C-7FE1544A7CDD} = {0FC121F4-6F94-4C7D-A2B5-D92AC9CC91A6}
		{B3F55581-78BD-4BA4-BB36-D80F3716DBE4} = {DB43370E-FA3B-42BE-BF0C-7FE1544A7CDD}
		{B6ECA462-EA0B-4BD3-8419-2A59F1DB34ED} = {DB43370E-FA3B-42BE-BF0C-7FE1544A7CDD}
		{D008E276-12E7-40CB-911F-3F395582317A} = {B9198DEA-AD30-4B4D-A630-85F667A9A258}
		{65CAC900-69F3-4A16-9079-5CF1213CEB44} = {B9198DEA-AD30-4B4D-A630-85F667A9A258}
		{AEE4B99D-C164-4495-AEE2-94CE4DBAAFDD} = {B9198DEA-AD30-4B4D-A630-85F667A9A258}
		{C0573B40-FE3F-4E65-BB05-CC143A10A700} = {4DA6AF01-8F55-48AF-8044-9C0C10E8F797}
		{C6C7A7A2-BAE8-4C15-9BC6-61BAB6A42006} = {E48EFDD5-0C0F-461E-A411-6EB459050E7E}
		{23D64D48-DA47-4121-9E52-978C85687AC5} = {E48EFDD5-0C0F-461E-A411-6EB459050E7E}
		{4C854D11-2B63-4CB3-BFBF-4BCC37F4B35C} = {C6C7A7A2-BAE8-4C15-9BC6-61BAB6A42006}
		{755CB009-36FB-47E4-91FA-3D9A378FA7E8} = {C6C7A7A2-BAE8-4C15-9BC6-61BAB6A42006}
		{0F2C2BE7-27A2-408A-841F-643B3549A55E} = {23D64D48-DA47-4121-9E52-978C85687AC5}
		{27ADDC41-184A-417C-ABD0-13264475C380} = {C6C7A7A2-BAE8-4C15-9BC6-61BAB6A42006}
		{E4AC586E-AD6D-43A8-A0CB-AA4D2D6FE578} = {4DA6AF01-8F55-48AF-8044-9C0C10E8F797}
		{2474388E-8D7C-4287-8A9E-7878D89E989A} = {0FC121F4-6F94-4C7D-A2B5-D92AC9CC91A6}
		{F6C2C5DD-2F7C-4423-A3BD-D54F3FA8E6C9} = {2474388E-8D7C-4287-8A9E-7878D89E989A}
		{004F8E95-36D7-400D-873F-60288E533802} = {2474388E-8D7C-4287-8A9E-7878D89E989A}
		{F4DB0D96-1B9C-4851-A07C-87CF2313A6B8} = {C6C7A7A2-BAE8-4C15-9BC6-61BAB6A42006}
	EndGlobalSection
	GlobalSection(ExtensibilityGlobals) = postSolution
		SolutionGuid = {C475AB02-6F97-4575-9527-2F31F5AF847C}
	EndGlobalSection
EndGlobal
